// !$*UTF8*$!
{
	archiveVersion = 1;
	classes = {
	};
	objectVersion = 46;
	objects = {

/* Begin PBXBuildFile section */
		65D558F819DAD63F0080917A /* main.m in Sources */ = {isa = PBXBuildFile; fileRef = 65D558F719DAD63F0080917A /* main.m */; };
		65D558FB19DAD63F0080917A /* AppDelegate.m in Sources */ = {isa = PBXBuildFile; fileRef = 65D558FA19DAD63F0080917A /* AppDelegate.m */; };
		65D558FE19DAD63F0080917A /* ViewController.m in Sources */ = {isa = PBXBuildFile; fileRef = 65D558FD19DAD63F0080917A /* ViewController.m */; };
		65D5590119DAD63F0080917A /* Main.storyboard in Resources */ = {isa = PBXBuildFile; fileRef = 65D558FF19DAD63F0080917A /* Main.storyboard */; };
		65D5590319DAD63F0080917A /* Images.xcassets in Resources */ = {isa = PBXBuildFile; fileRef = 65D5590219DAD63F0080917A /* Images.xcassets */; };
		65D5590619DAD63F0080917A /* LaunchScreen.xib in Resources */ = {isa = PBXBuildFile; fileRef = 65D5590419DAD63F0080917A /* LaunchScreen.xib */; };
		65D5591219DAD63F0080917A /* TranParamBetwwenUITests.m in Sources */ = {isa = PBXBuildFile; fileRef = 65D5591119DAD63F0080917A /* TranParamBetwwenUITests.m */; };
		65D5592319DAE2970080917A /* ParamTableViewController.m in Sources */ = {isa = PBXBuildFile; fileRef = 65D5592219DAE2970080917A /* ParamTableViewController.m */; };
/* End PBXBuildFile section */

/* Begin PBXContainerItemProxy section */
		65D5590C19DAD63F0080917A /* PBXContainerItemProxy */ = {
			isa = PBXContainerItemProxy;
			containerPortal = 65D558EA19DAD63F0080917A /* Project object */;
			proxyType = 1;
			remoteGlobalIDString = 65D558F119DAD63F0080917A;
			remoteInfo = TranParamBetwwenUI;
		};
/* End PBXContainerItemProxy section */

/* Begin PBXFileReference section */
		65D558F219DAD63F0080917A /* TranParamBetwwenUI.app */ = {isa = PBXFileReference; explicitFileType = wrapper.application; includeInIndex = 0; path = TranParamBetwwenUI.app; sourceTree = BUILT_PRODUCTS_DIR; };
		65D558F619DAD63F0080917A /* Info.plist */ = {isa = PBXFileReference; lastKnownFileType = text.plist.xml; path = Info.plist; sourceTree = "<group>"; };
		65D558F719DAD63F0080917A /* main.m */ = {isa = PBXFileReference; lastKnownFileType = sourcecode.c.objc; path = main.m; sourceTree = "<group>"; };
		65D558F919DAD63F0080917A /* AppDelegate.h */ = {isa = PBXFileReference; lastKnownFileType = sourcecode.c.h; path = AppDelegate.h; sourceTree = "<group>"; };
		65D558FA19DAD63F0080917A /* AppDelegate.m */ = {isa = PBXFileReference; lastKnownFileType = sourcecode.c.objc; path = AppDelegate.m; sourceTree = "<group>"; };
		65D558FC19DAD63F0080917A /* ViewController.h */ = {isa = PBXFileReference; lastKnownFileType = sourcecode.c.h; path = ViewController.h; sourceTree = "<group>"; };
		65D558FD19DAD63F0080917A /* ViewController.m */ = {isa = PBXFileReference; lastKnownFileType = sourcecode.c.objc; path = ViewController.m; sourceTree = "<group>"; };
		65D5590019DAD63F0080917A /* Base */ = {isa = PBXFileReference; lastKnownFileType = file.storyboard; name = Base; path = Base.lproj/Main.storyboard; sourceTree = "<group>"; };
		65D5590219DAD63F0080917A /* Images.xcassets */ = {isa = PBXFileReference; lastKnownFileType = folder.assetcatalog; path = Images.xcassets; sourceTree = "<group>"; };
		65D5590519DAD63F0080917A /* Base */ = {isa = PBXFileReference; lastKnownFileType = file.xib; name = Base; path = Base.lproj/LaunchScreen.xib; sourceTree = "<group>"; };
		65D5590B19DAD63F0080917A /* TranParamBetwwenUITests.xctest */ = {isa = PBXFileReference; explicitFileType = wrapper.cfbundle; includeInIndex = 0; path = TranParamBetwwenUITests.xctest; sourceTree = BUILT_PRODUCTS_DIR; };
		65D5591019DAD63F0080917A /* Info.plist */ = {isa = PBXFileReference; lastKnownFileType = text.plist.xml; path = Info.plist; sourceTree = "<group>"; };
		65D5591119DAD63F0080917A /* TranParamBetwwenUITests.m */ = {isa = PBXFileReference; lastKnownFileType = sourcecode.c.objc; path = TranParamBetwwenUITests.m; sourceTree = "<group>"; };
		65D5592119DAE2970080917A /* ParamTableViewController.h */ = {isa = PBXFileReference; fileEncoding = 4; lastKnownFileType = sourcecode.c.h; path = ParamTableViewController.h; sourceTree = "<group>"; };
		65D5592219DAE2970080917A /* ParamTableViewController.m */ = {isa = PBXFileReference; fileEncoding = 4; lastKnownFileType = sourcecode.c.objc; path = ParamTableViewController.m; sourceTree = "<group>"; };
/* End PBXFileReference section */

/* Begin PBXFrameworksBuildPhase section */
		65D558EF19DAD63F0080917A /* Frameworks */ = {
			isa = PBXFrameworksBuildPhase;
			buildActionMask = 2147483647;
			files = (
			);
			runOnlyForDeploymentPostprocessing = 0;
		};
		65D5590819DAD63F0080917A /* Frameworks */ = {
			isa = PBXFrameworksBuildPhase;
			buildActionMask = 2147483647;
			files = (
			);
			runOnlyForDeploymentPostprocessing = 0;
		};
/* End PBXFrameworksBuildPhase section */

/* Begin PBXGroup section */
		65D558E919DAD63F0080917A = {
			isa = PBXGroup;
			children = (
				65D558F419DAD63F0080917A /* TranParamBetwwenUI */,
				65D5590E19DAD63F0080917A /* TranParamBetwwenUITests */,
				65D558F319DAD63F0080917A /* Products */,
			);
			sourceTree = "<group>";
		};
		65D558F319DAD63F0080917A /* Products */ = {
			isa = PBXGroup;
			children = (
				65D558F219DAD63F0080917A /* TranParamBetwwenUI.app */,
				65D5590B19DAD63F0080917A /* TranParamBetwwenUITests.xctest */,
			);
			name = Products;
			sourceTree = "<group>";
		};
		65D558F419DAD63F0080917A /* TranParamBetwwenUI */ = {
			isa = PBXGroup;
			children = (
				65D558F919DAD63F0080917A /* AppDelegate.h */,
				65D558FA19DAD63F0080917A /* AppDelegate.m */,
				65D558FC19DAD63F0080917A /* ViewController.h */,
				65D558FD19DAD63F0080917A /* ViewController.m */,
				65D5592119DAE2970080917A /* ParamTableViewController.h */,
				65D5592219DAE2970080917A /* ParamTableViewController.m */,
				65D558FF19DAD63F0080917A /* Main.storyboard */,
				65D5590219DAD63F0080917A /* Images.xcassets */,
				65D5590419DAD63F0080917A /* LaunchScreen.xib */,
				65D558F519DAD63F0080917A /* Supporting Files */,
			);
			path = TranParamBetwwenUI;
			sourceTree = "<group>";
		};
		65D558F519DAD63F0080917A /* Supporting Files */ = {
			isa = PBXGroup;
			children = (
				65D558F619DAD63F0080917A /* Info.plist */,
				65D558F719DAD63F0080917A /* main.m */,
			);
			name = "Supporting Files";
			sourceTree = "<group>";
		};
		65D5590E19DAD63F0080917A /* TranParamBetwwenUITests */ = {
			isa = PBXGroup;
			children = (
				65D5591119DAD63F0080917A /* TranParamBetwwenUITests.m */,
				65D5590F19DAD63F0080917A /* Supporting Files */,
			);
			path = TranParamBetwwenUITests;
			sourceTree = "<group>";
		};
		65D5590F19DAD63F0080917A /* Supporting Files */ = {
			isa = PBXGroup;
			children = (
				65D5591019DAD63F0080917A /* Info.plist */,
			);
			name = "Supporting Files";
			sourceTree = "<group>";
		};
/* End PBXGroup section */

/* Begin PBXNativeTarget section */
		65D558F119DAD63F0080917A /* TranParamBetwwenUI */ = {
			isa = PBXNativeTarget;
			buildConfigurationList = 65D5591519DAD63F0080917A /* Build configuration list for PBXNativeTarget "TranParamBetwwenUI" */;
			buildPhases = (
				65D558EE19DAD63F0080917A /* Sources */,
				65D558EF19DAD63F0080917A /* Frameworks */,
				65D558F019DAD63F0080917A /* Resources */,
			);
			buildRules = (
			);
			dependencies = (
			);
			name = TranParamBetwwenUI;
			productName = TranParamBetwwenUI;
			productReference = 65D558F219DAD63F0080917A /* TranParamBetwwenUI.app */;
			productType = "com.apple.product-type.application";
		};
		65D5590A19DAD63F0080917A /* TranParamBetwwenUITests */ = {
			isa = PBXNativeTarget;
			buildConfigurationList = 65D5591819DAD63F0080917A /* Build configuration list for PBXNativeTarget "TranParamBetwwenUITests" */;
			buildPhases = (
				65D5590719DAD63F0080917A /* Sources */,
				65D5590819DAD63F0080917A /* Frameworks */,
				65D5590919DAD63F0080917A /* Resources */,
			);
			buildRules = (
			);
			dependencies = (
				65D5590D19DAD63F0080917A /* PBXTargetDependency */,
			);
			name = TranParamBetwwenUITests;
			productName = TranParamBetwwenUITests;
			productReference = 65D5590B19DAD63F0080917A /* TranParamBetwwenUITests.xctest */;
			productType = "com.apple.product-type.bundle.unit-test";
		};
/* End PBXNativeTarget section */

/* Begin PBXProject section */
		65D558EA19DAD63F0080917A /* Project object */ = {
			isa = PBXProject;
			attributes = {
				LastUpgradeCheck = 0600;
				ORGANIZATIONNAME = NeXtreme.com;
				TargetAttributes = {
					65D558F119DAD63F0080917A = {
						CreatedOnToolsVersion = 6.0.1;
					};
					65D5590A19DAD63F0080917A = {
						CreatedOnToolsVersion = 6.0.1;
						TestTargetID = 65D558F119DAD63F0080917A;
					};
				};
			};
			buildConfigurationList = 65D558ED19DAD63F0080917A /* Build configuration list for PBXProject "TranParamBetwwenUI" */;
			compatibilityVersion = "Xcode 3.2";
			developmentRegion = English;
			hasScannedForEncodings = 0;
			knownRegions = (
				en,
				Base,
			);
			mainGroup = 65D558E919DAD63F0080917A;
			productRefGroup = 65D558F319DAD63F0080917A /* Products */;
			projectDirPath = "";
			projectRoot = "";
			targets = (
				65D558F119DAD63F0080917A /* TranParamBetwwenUI */,
				65D5590A19DAD63F0080917A /* TranParamBetwwenUITests */,
			);
		};
/* End PBXProject section */

/* Begin PBXResourcesBuildPhase section */
		65D558F019DAD63F0080917A /* Resources */ = {
			isa = PBXResourcesBuildPhase;
			buildActionMask = 2147483647;
			files = (
				65D5590119DAD63F0080917A /* Main.storyboard in Resources */,
				65D5590619DAD63F0080917A /* LaunchScreen.xib in Resources */,
				65D5590319DAD63F0080917A /* Images.xcassets in Resources */,
			);
			runOnlyForDeploymentPostprocessing = 0;
		};
		65D5590919DAD63F0080917A /* Resources */ = {
			isa = PBXResourcesBuildPhase;
			buildActionMask = 2147483647;
			files = (
			);
			runOnlyForDeploymentPostprocessing = 0;
		};
/* End PBXResourcesBuildPhase section */

/* Begin PBXSourcesBuildPhase section */
		65D558EE19DAD63F0080917A /* Sources */ = {
			isa = PBXSourcesBuildPhase;
			buildActionMask = 2147483647;
			files = (
				65D558FE19DAD63F0080917A /* ViewController.m in Sources */,
				65D5592319DAE2970080917A /* ParamTableViewController.m in Sources */,
				65D558FB19DAD63F0080917A /* AppDelegate.m in Sources */,
				65D558F819DAD63F0080917A /* main.m in Sources */,
			);
			runOnlyForDeploymentPostprocessing = 0;
		};
		65D5590719DAD63F0080917A /* Sources */ = {
			isa = PBXSourcesBuildPhase;
			buildActionMask = 2147483647;
			files = (
				65D5591219DAD63F0080917A /* TranParamBetwwenUITests.m in Sources */,
			);
			runOnlyForDeploymentPostprocessing = 0;
		};
/* End PBXSourcesBuildPhase section */

/* Begin PBXTargetDependency section */
		65D5590D19DAD63F0080917A /* PBXTargetDependency */ = {
			isa = PBXTargetDependency;
			target = 65D558F119DAD63F0080917A /* TranParamBetwwenUI */;
			targetProxy = 65D5590C19DAD63F0080917A /* PBXContainerItemProxy */;
		};
/* End PBXTargetDependency section */

/* Begin PBXVariantGroup section */
		65D558FF19DAD63F0080917A /* Main.storyboard */ = {
			isa = PBXVariantGroup;
			children = (
				65D5590019DAD63F0080917A /* Base */,
			);
			name = Main.storyboard;
			sourceTree = "<group>";
		};
		65D5590419DAD63F0080917A /* LaunchScreen.xib */ = {
			isa = PBXVariantGroup;
			children = (
				65D5590519DAD63F0080917A /* Base */,
			);
			name = LaunchScreen.xib;
			sourceTree = "<group>";
		};
/* End PBXVariantGroup section */

/* Begin XCBuildConfiguration section */
		65D5591319DAD63F0080917A /* Debug */ = {
			isa = XCBuildConfiguration;
			buildSettings = {
				ALWAYS_SEARCH_USER_PATHS = NO;
				CLANG_CXX_LANGUAGE_STANDARD = "gnu++0x";
				CLANG_CXX_LIBRARY = "libc++";
				CLANG_ENABLE_MODULES = YES;
				CLANG_ENABLE_OBJC_ARC = YES;
				CLANG_WARN_BOOL_CONVERSION = YES;
				CLANG_WARN_CONSTANT_CONVERSION = YES;
				CLANG_WARN_DIRECT_OBJC_ISA_USAGE = YES_ERROR;
				CLANG_WARN_EMPTY_BODY = YES;
				CLANG_WARN_ENUM_CONVERSION = YES;
				CLANG_WARN_INT_CONVERSION = YES;
				CLANG_WARN_OBJC_ROOT_CLASS = YES_ERROR;
				CLANG_WARN_UNREACHABLE_CODE = YES;
				CLANG_WARN__DUPLICATE_METHOD_MATCH = YES;
				"CODE_SIGN_IDENTITY[sdk=iphoneos*]" = "iPhone Developer";
				COPY_PHASE_STRIP = NO;
				ENABLE_STRICT_OBJC_MSGSEND = YES;
				GCC_C_LANGUAGE_STANDARD = gnu99;
				GCC_DYNAMIC_NO_PIC = NO;
				GCC_OPTIMIZATION_LEVEL = 0;
				GCC_PREPROCESSOR_DEFINITIONS = (
					"DEBUG=1",
					"$(inherited)",
				);
				GCC_SYMBOLS_PRIVATE_EXTERN = NO;
				GCC_WARN_64_TO_32_BIT_CONVERSION = YES;
				GCC_WARN_ABOUT_RETURN_TYPE = YES_ERROR;
				GCC_WARN_UNDECLARED_SELECTOR = YES;
				GCC_WARN_UNINITIALIZED_AUTOS = YES_AGGRESSIVE;
				GCC_WARN_UNUSED_FUNCTION = YES;
				GCC_WARN_UNUSED_VARIABLE = YES;
				IPHONEOS_DEPLOYMENT_TARGET = 8.0;
				MTL_ENABLE_DEBUG_INFO = YES;
				ONLY_ACTIVE_ARCH = YES;
				SDKROOT = iphoneos;
				TARGETED_DEVICE_FAMILY = "1,2";
			};
			name = Debug;
		};
		65D5591419DAD63F0080917A /* Release */ = {
			isa = XCBuildConfiguration;
			buildSettings = {
				ALWAYS_SEARCH_USER_PATHS = NO;
				CLANG_CXX_LANGUAGE_STANDARD = "gnu++0x";
				CLANG_CXX_LIBRARY = "libc++";
				CLANG_ENABLE_MODULES = YES;
				CLANG_ENABLE_OBJC_ARC = YES;
				CLANG_WARN_BOOL_CONVERSION = YES;
				CLANG_WARN_CONSTANT_CONVERSION = YES;
				CLANG_WARN_DIRECT_OBJC_ISA_USAGE = YES_ERROR;
				CLANG_WARN_EMPTY_BODY = YES;
				CLANG_WARN_ENUM_CONVERSION = YES;
				CLANG_WARN_INT_CONVERSION = YES;
				CLANG_WARN_OBJC_ROOT_CLASS = YES_ERROR;
				CLANG_WARN_UNREACHABLE_CODE = YES;
				CLANG_WARN__DUPLICATE_METHOD_MATCH = YES;
				"CODE_SIGN_IDENTITY[sdk=iphoneos*]" = "iPhone Developer";
				COPY_PHASE_STRIP = YES;
				ENABLE_NS_ASSERTIONS = NO;
				ENABLE_STRICT_OBJC_MSGSEND = YES;
				GCC_C_LANGUAGE_STANDARD = gnu99;
				GCC_WARN_64_TO_32_BIT_CONVERSION = YES;
				GCC_WARN_ABOUT_RETURN_TYPE = YES_ERROR;
				GCC_WARN_UNDECLARED_SELECTOR = YES;
				GCC_WARN_UNINITIALIZED_AUTOS = YES_AGGRESSIVE;
				GCC_WARN_UNUSED_FUNCTION = YES;
				GCC_WARN_UNUSED_VARIABLE = YES;
				IPHONEOS_DEPLOYMENT_TARGET = 8.0;
				MTL_ENABLE_DEBUG_INFO = NO;
				SDKROOT = iphoneos;
				TARGETED_DEVICE_FAMILY = "1,2";
				VALIDATE_PRODUCT = YES;
			};
			name = Release;
		};
		65D5591619DAD63F0080917A /* Debug */ = {
			isa = XCBuildConfiguration;
			buildSettings = {
				ASSETCATALOG_COMPILER_APPICON_NAME = AppIcon;
				INFOPLIST_FILE = TranParamBetwwenUI/Info.plist;
				LD_RUNPATH_SEARCH_PATHS = "$(inherited) @executable_path/Frameworks";
				PRODUCT_NAME = "$(TARGET_NAME)";
			};
			name = Debug;
		};
		65D5591719DAD63F0080917A /* Release */ = {
			isa = XCBuildConfiguration;
			buildSettings = {
				ASSETCATALOG_COMPILER_APPICON_NAME = AppIcon;
				INFOPLIST_FILE = TranParamBetwwenUI/Info.plist;
				LD_RUNPATH_SEARCH_PATHS = "$(inherited) @executable_path/Frameworks";
				PRODUCT_NAME = "$(TARGET_NAME)";
			};
			name = Release;
		};
		65D5591919DAD63F0080917A /* Debug */ = {
			isa = XCBuildConfiguration;
			buildSettings = {
				BUNDLE_LOADER = "$(TEST_HOST)";
				FRAMEWORK_SEARCH_PATHS = (
					"$(SDKROOT)/Developer/Library/Frameworks",
					"$(inherited)",
				);
				GCC_PREPROCESSOR_DEFINITIONS = (
					"DEBUG=1",
					"$(inherited)",
				);
				INFOPLIST_FILE = TranParamBetwwenUITests/Info.plist;
				LD_RUNPATH_SEARCH_PATHS = "$(inherited) @executable_path/Frameworks @loader_path/Frameworks";
				PRODUCT_NAME = "$(TARGET_NAME)";
				TEST_HOST = "$(BUILT_PRODUCTS_DIR)/TranParamBetwwenUI.app/TranParamBetwwenUI";
			};
			name = Debug;
		};
		65D5591A19DAD63F0080917A /* Release */ = {
			isa = XCBuildConfiguration;
			buildSettings = {
				BUNDLE_LOADER = "$(TEST_HOST)";
				FRAMEWORK_SEARCH_PATHS = (
					"$(SDKROOT)/Developer/Library/Frameworks",
					"$(inherited)",
				);
				INFOPLIST_FILE = TranParamBetwwenUITests/Info.plist;
				LD_RUNPATH_SEARCH_PATHS = "$(inherited) @executable_path/Frameworks @loader_path/Frameworks";
				PRODUCT_NAME = "$(TARGET_NAME)";
				TEST_HOST = "$(BUILT_PRODUCTS_DIR)/TranParamBetwwenUI.app/TranParamBetwwenUI";
			};
			name = Release;
		};
/* End XCBuildConfiguration section */

/* Begin XCConfigurationList section */
		65D558ED19DAD63F0080917A /* Build configuration list for PBXProject "TranParamBetwwenUI" */ = {
			isa = XCConfigurationList;
			buildConfigurations = (
				65D5591319DAD63F0080917A /* Debug */,
				65D5591419DAD63F0080917A /* Release */,
			);
			defaultConfigurationIsVisible = 0;
			defaultConfigurationName = Release;
		};
		65D5591519DAD63F0080917A /* Build configuration list for PBXNativeTarget "TranParamBetwwenUI" */ = {
			isa = XCConfigurationList;
			buildConfigurations = (
				65D5591619DAD63F0080917A /* Debug */,
				65D5591719DAD63F0080917A /* Release */,
			);
			defaultConfigurationIsVisible = 0;
		};
		65D5591819DAD63F0080917A /* Build configuration list for PBXNativeTarget "TranParamBetwwenUITests" */ = {
			isa = XCConfigurationList;
			buildConfigurations = (
				65D5591919DAD63F0080917A /* Debug */,
				65D5591A19DAD63F0080917A /* Release */,
			);
			defaultConfigurationIsVisible = 0;
		};
/* End XCConfigurationList section */
	};
	rootObject = 65D558EA19DAD63F0080917A /* Project object */;
}
