// !$*UTF8*$!
{
	archiveVersion = 1;
	classes = {
	};
	objectVersion = 46;
	objects = {

/* Begin PBXBuildFile section */
		651D804219E950D9006CCDE7 /* main.m in Sources */ = {isa = PBXBuildFile; fileRef = 651D804119E950D9006CCDE7 /* main.m */; };
		651D804519E950D9006CCDE7 /* AppDelegate.m in Sources */ = {isa = PBXBuildFile; fileRef = 651D804419E950D9006CCDE7 /* AppDelegate.m */; };
		651D804819E950D9006CCDE7 /* ViewController.m in Sources */ = {isa = PBXBuildFile; fileRef = 651D804719E950D9006CCDE7 /* ViewController.m */; };
		651D804B19E950D9006CCDE7 /* Main.storyboard in Resources */ = {isa = PBXBuildFile; fileRef = 651D804919E950D9006CCDE7 /* Main.storyboard */; };
		651D804D19E950D9006CCDE7 /* Images.xcassets in Resources */ = {isa = PBXBuildFile; fileRef = 651D804C19E950D9006CCDE7 /* Images.xcassets */; };
		651D805019E950D9006CCDE7 /* LaunchScreen.xib in Resources */ = {isa = PBXBuildFile; fileRef = 651D804E19E950D9006CCDE7 /* LaunchScreen.xib */; };
		651D805C19E950D9006CCDE7 /* DatePicker_demoTests.m in Sources */ = {isa = PBXBuildFile; fileRef = 651D805B19E950D9006CCDE7 /* DatePicker_demoTests.m */; };
		651D806719E952DE006CCDE7 /* NXDatePicker.m in Sources */ = {isa = PBXBuildFile; fileRef = 651D806619E952DE006CCDE7 /* NXDatePicker.m */; };
/* End PBXBuildFile section */

/* Begin PBXContainerItemProxy section */
		651D805619E950D9006CCDE7 /* PBXContainerItemProxy */ = {
			isa = PBXContainerItemProxy;
			containerPortal = 651D803419E950D9006CCDE7 /* Project object */;
			proxyType = 1;
			remoteGlobalIDString = 651D803B19E950D9006CCDE7;
			remoteInfo = DatePicker_demo;
		};
/* End PBXContainerItemProxy section */

/* Begin PBXFileReference section */
		651D803C19E950D9006CCDE7 /* DatePicker_demo.app */ = {isa = PBXFileReference; explicitFileType = wrapper.application; includeInIndex = 0; path = DatePicker_demo.app; sourceTree = BUILT_PRODUCTS_DIR; };
		651D804019E950D9006CCDE7 /* Info.plist */ = {isa = PBXFileReference; lastKnownFileType = text.plist.xml; path = Info.plist; sourceTree = "<group>"; };
		651D804119E950D9006CCDE7 /* main.m */ = {isa = PBXFileReference; lastKnownFileType = sourcecode.c.objc; path = main.m; sourceTree = "<group>"; };
		651D804319E950D9006CCDE7 /* AppDelegate.h */ = {isa = PBXFileReference; lastKnownFileType = sourcecode.c.h; path = AppDelegate.h; sourceTree = "<group>"; };
		651D804419E950D9006CCDE7 /* AppDelegate.m */ = {isa = PBXFileReference; lastKnownFileType = sourcecode.c.objc; path = AppDelegate.m; sourceTree = "<group>"; };
		651D804619E950D9006CCDE7 /* ViewController.h */ = {isa = PBXFileReference; lastKnownFileType = sourcecode.c.h; path = ViewController.h; sourceTree = "<group>"; };
		651D804719E950D9006CCDE7 /* ViewController.m */ = {isa = PBXFileReference; lastKnownFileType = sourcecode.c.objc; path = ViewController.m; sourceTree = "<group>"; };
		651D804A19E950D9006CCDE7 /* Base */ = {isa = PBXFileReference; lastKnownFileType = file.storyboard; name = Base; path = Base.lproj/Main.storyboard; sourceTree = "<group>"; };
		651D804C19E950D9006CCDE7 /* Images.xcassets */ = {isa = PBXFileReference; lastKnownFileType = folder.assetcatalog; path = Images.xcassets; sourceTree = "<group>"; };
		651D804F19E950D9006CCDE7 /* Base */ = {isa = PBXFileReference; lastKnownFileType = file.xib; name = Base; path = Base.lproj/LaunchScreen.xib; sourceTree = "<group>"; };
		651D805519E950D9006CCDE7 /* DatePicker_demoTests.xctest */ = {isa = PBXFileReference; explicitFileType = wrapper.cfbundle; includeInIndex = 0; path = DatePicker_demoTests.xctest; sourceTree = BUILT_PRODUCTS_DIR; };
		651D805A19E950D9006CCDE7 /* Info.plist */ = {isa = PBXFileReference; lastKnownFileType = text.plist.xml; path = Info.plist; sourceTree = "<group>"; };
		651D805B19E950D9006CCDE7 /* DatePicker_demoTests.m */ = {isa = PBXFileReference; lastKnownFileType = sourcecode.c.objc; path = DatePicker_demoTests.m; sourceTree = "<group>"; };
		651D806519E952DE006CCDE7 /* NXDatePicker.h */ = {isa = PBXFileReference; fileEncoding = 4; lastKnownFileType = sourcecode.c.h; path = NXDatePicker.h; sourceTree = "<group>"; };
		651D806619E952DE006CCDE7 /* NXDatePicker.m */ = {isa = PBXFileReference; fileEncoding = 4; lastKnownFileType = sourcecode.c.objc; path = NXDatePicker.m; sourceTree = "<group>"; };
/* End PBXFileReference section */

/* Begin PBXFrameworksBuildPhase section */
		651D803919E950D9006CCDE7 /* Frameworks */ = {
			isa = PBXFrameworksBuildPhase;
			buildActionMask = 2147483647;
			files = (
			);
			runOnlyForDeploymentPostprocessing = 0;
		};
		651D805219E950D9006CCDE7 /* Frameworks */ = {
			isa = PBXFrameworksBuildPhase;
			buildActionMask = 2147483647;
			files = (
			);
			runOnlyForDeploymentPostprocessing = 0;
		};
/* End PBXFrameworksBuildPhase section */

/* Begin PBXGroup section */
		651D803319E950D9006CCDE7 = {
			isa = PBXGroup;
			children = (
				651D803E19E950D9006CCDE7 /* DatePicker_demo */,
				651D805819E950D9006CCDE7 /* DatePicker_demoTests */,
				651D803D19E950D9006CCDE7 /* Products */,
			);
			sourceTree = "<group>";
		};
		651D803D19E950D9006CCDE7 /* Products */ = {
			isa = PBXGroup;
			children = (
				651D803C19E950D9006CCDE7 /* DatePicker_demo.app */,
				651D805519E950D9006CCDE7 /* DatePicker_demoTests.xctest */,
			);
			name = Products;
			sourceTree = "<group>";
		};
		651D803E19E950D9006CCDE7 /* DatePicker_demo */ = {
			isa = PBXGroup;
			children = (
				651D804319E950D9006CCDE7 /* AppDelegate.h */,
				651D804419E950D9006CCDE7 /* AppDelegate.m */,
				651D806519E952DE006CCDE7 /* NXDatePicker.h */,
				651D806619E952DE006CCDE7 /* NXDatePicker.m */,
				651D804619E950D9006CCDE7 /* ViewController.h */,
				651D804719E950D9006CCDE7 /* ViewController.m */,
				651D804919E950D9006CCDE7 /* Main.storyboard */,
				651D804C19E950D9006CCDE7 /* Images.xcassets */,
				651D804E19E950D9006CCDE7 /* LaunchScreen.xib */,
				651D803F19E950D9006CCDE7 /* Supporting Files */,
			);
			path = DatePicker_demo;
			sourceTree = "<group>";
		};
		651D803F19E950D9006CCDE7 /* Supporting Files */ = {
			isa = PBXGroup;
			children = (
				651D804019E950D9006CCDE7 /* Info.plist */,
				651D804119E950D9006CCDE7 /* main.m */,
			);
			name = "Supporting Files";
			sourceTree = "<group>";
		};
		651D805819E950D9006CCDE7 /* DatePicker_demoTests */ = {
			isa = PBXGroup;
			children = (
				651D805B19E950D9006CCDE7 /* DatePicker_demoTests.m */,
				651D805919E950D9006CCDE7 /* Supporting Files */,
			);
			path = DatePicker_demoTests;
			sourceTree = "<group>";
		};
		651D805919E950D9006CCDE7 /* Supporting Files */ = {
			isa = PBXGroup;
			children = (
				651D805A19E950D9006CCDE7 /* Info.plist */,
			);
			name = "Supporting Files";
			sourceTree = "<group>";
		};
/* End PBXGroup section */

/* Begin PBXNativeTarget section */
		651D803B19E950D9006CCDE7 /* DatePicker_demo */ = {
			isa = PBXNativeTarget;
			buildConfigurationList = 651D805F19E950D9006CCDE7 /* Build configuration list for PBXNativeTarget "DatePicker_demo" */;
			buildPhases = (
				651D803819E950D9006CCDE7 /* Sources */,
				651D803919E950D9006CCDE7 /* Frameworks */,
				651D803A19E950D9006CCDE7 /* Resources */,
			);
			buildRules = (
			);
			dependencies = (
			);
			name = DatePicker_demo;
			productName = DatePicker_demo;
			productReference = 651D803C19E950D9006CCDE7 /* DatePicker_demo.app */;
			productType = "com.apple.product-type.application";
		};
		651D805419E950D9006CCDE7 /* DatePicker_demoTests */ = {
			isa = PBXNativeTarget;
			buildConfigurationList = 651D806219E950D9006CCDE7 /* Build configuration list for PBXNativeTarget "DatePicker_demoTests" */;
			buildPhases = (
				651D805119E950D9006CCDE7 /* Sources */,
				651D805219E950D9006CCDE7 /* Frameworks */,
				651D805319E950D9006CCDE7 /* Resources */,
			);
			buildRules = (
			);
			dependencies = (
				651D805719E950D9006CCDE7 /* PBXTargetDependency */,
			);
			name = DatePicker_demoTests;
			productName = DatePicker_demoTests;
			productReference = 651D805519E950D9006CCDE7 /* DatePicker_demoTests.xctest */;
			productType = "com.apple.product-type.bundle.unit-test";
		};
/* End PBXNativeTarget section */

/* Begin PBXProject section */
		651D803419E950D9006CCDE7 /* Project object */ = {
			isa = PBXProject;
			attributes = {
				LastUpgradeCheck = 0600;
				ORGANIZATIONNAME = NeXtreme.com;
				TargetAttributes = {
					651D803B19E950D9006CCDE7 = {
						CreatedOnToolsVersion = 6.0.1;
					};
					651D805419E950D9006CCDE7 = {
						CreatedOnToolsVersion = 6.0.1;
						TestTargetID = 651D803B19E950D9006CCDE7;
					};
				};
			};
			buildConfigurationList = 651D803719E950D9006CCDE7 /* Build configuration list for PBXProject "DatePicker_demo" */;
			compatibilityVersion = "Xcode 3.2";
			developmentRegion = English;
			hasScannedForEncodings = 0;
			knownRegions = (
				en,
				Base,
			);
			mainGroup = 651D803319E950D9006CCDE7;
			productRefGroup = 651D803D19E950D9006CCDE7 /* Products */;
			projectDirPath = "";
			projectRoot = "";
			targets = (
				651D803B19E950D9006CCDE7 /* DatePicker_demo */,
				651D805419E950D9006CCDE7 /* DatePicker_demoTests */,
			);
		};
/* End PBXProject section */

/* Begin PBXResourcesBuildPhase section */
		651D803A19E950D9006CCDE7 /* Resources */ = {
			isa = PBXResourcesBuildPhase;
			buildActionMask = 2147483647;
			files = (
				651D804B19E950D9006CCDE7 /* Main.storyboard in Resources */,
				651D805019E950D9006CCDE7 /* LaunchScreen.xib in Resources */,
				651D804D19E950D9006CCDE7 /* Images.xcassets in Resources */,
			);
			runOnlyForDeploymentPostprocessing = 0;
		};
		651D805319E950D9006CCDE7 /* Resources */ = {
			isa = PBXResourcesBuildPhase;
			buildActionMask = 2147483647;
			files = (
			);
			runOnlyForDeploymentPostprocessing = 0;
		};
/* End PBXResourcesBuildPhase section */

/* Begin PBXSourcesBuildPhase section */
		651D803819E950D9006CCDE7 /* Sources */ = {
			isa = PBXSourcesBuildPhase;
			buildActionMask = 2147483647;
			files = (
				651D804819E950D9006CCDE7 /* ViewController.m in Sources */,
				651D804519E950D9006CCDE7 /* AppDelegate.m in Sources */,
				651D804219E950D9006CCDE7 /* main.m in Sources */,
				651D806719E952DE006CCDE7 /* NXDatePicker.m in Sources */,
			);
			runOnlyForDeploymentPostprocessing = 0;
		};
		651D805119E950D9006CCDE7 /* Sources */ = {
			isa = PBXSourcesBuildPhase;
			buildActionMask = 2147483647;
			files = (
				651D805C19E950D9006CCDE7 /* DatePicker_demoTests.m in Sources */,
			);
			runOnlyForDeploymentPostprocessing = 0;
		};
/* End PBXSourcesBuildPhase section */

/* Begin PBXTargetDependency section */
		651D805719E950D9006CCDE7 /* PBXTargetDependency */ = {
			isa = PBXTargetDependency;
			target = 651D803B19E950D9006CCDE7 /* DatePicker_demo */;
			targetProxy = 651D805619E950D9006CCDE7 /* PBXContainerItemProxy */;
		};
/* End PBXTargetDependency section */

/* Begin PBXVariantGroup section */
		651D804919E950D9006CCDE7 /* Main.storyboard */ = {
			isa = PBXVariantGroup;
			children = (
				651D804A19E950D9006CCDE7 /* Base */,
			);
			name = Main.storyboard;
			sourceTree = "<group>";
		};
		651D804E19E950D9006CCDE7 /* LaunchScreen.xib */ = {
			isa = PBXVariantGroup;
			children = (
				651D804F19E950D9006CCDE7 /* Base */,
			);
			name = LaunchScreen.xib;
			sourceTree = "<group>";
		};
/* End PBXVariantGroup section */

/* Begin XCBuildConfiguration section */
		651D805D19E950D9006CCDE7 /* Debug */ = {
			isa = XCBuildConfiguration;
			buildSettings = {
				ALWAYS_SEARCH_USER_PATHS = NO;
				CLANG_CXX_LANGUAGE_STANDARD = "gnu++0x";
				CLANG_CXX_LIBRARY = "libc++";
				CLANG_ENABLE_MODULES = YES;
				CLANG_ENABLE_OBJC_ARC = YES;
				CLANG_WARN_BOOL_CONVERSION = YES;
				CLANG_WARN_CONSTANT_CONVERSION = YES;
				CLANG_WARN_DIRECT_OBJC_ISA_USAGE = YES_ERROR;
				CLANG_WARN_EMPTY_BODY = YES;
				CLANG_WARN_ENUM_CONVERSION = YES;
				CLANG_WARN_INT_CONVERSION = YES;
				CLANG_WARN_OBJC_ROOT_CLASS = YES_ERROR;
				CLANG_WARN_UNREACHABLE_CODE = YES;
				CLANG_WARN__DUPLICATE_METHOD_MATCH = YES;
				"CODE_SIGN_IDENTITY[sdk=iphoneos*]" = "iPhone Developer";
				COPY_PHASE_STRIP = NO;
				ENABLE_STRICT_OBJC_MSGSEND = YES;
				GCC_C_LANGUAGE_STANDARD = gnu99;
				GCC_DYNAMIC_NO_PIC = NO;
				GCC_OPTIMIZATION_LEVEL = 0;
				GCC_PREPROCESSOR_DEFINITIONS = (
					"DEBUG=1",
					"$(inherited)",
				);
				GCC_SYMBOLS_PRIVATE_EXTERN = NO;
				GCC_WARN_64_TO_32_BIT_CONVERSION = YES;
				GCC_WARN_ABOUT_RETURN_TYPE = YES_ERROR;
				GCC_WARN_UNDECLARED_SELECTOR = YES;
				GCC_WARN_UNINITIALIZED_AUTOS = YES_AGGRESSIVE;
				GCC_WARN_UNUSED_FUNCTION = YES;
				GCC_WARN_UNUSED_VARIABLE = YES;
				IPHONEOS_DEPLOYMENT_TARGET = 8.0;
				MTL_ENABLE_DEBUG_INFO = YES;
				ONLY_ACTIVE_ARCH = YES;
				SDKROOT = iphoneos;
			};
			name = Debug;
		};
		651D805E19E950D9006CCDE7 /* Release */ = {
			isa = XCBuildConfiguration;
			buildSettings = {
				ALWAYS_SEARCH_USER_PATHS = NO;
				CLANG_CXX_LANGUAGE_STANDARD = "gnu++0x";
				CLANG_CXX_LIBRARY = "libc++";
				CLANG_ENABLE_MODULES = YES;
				CLANG_ENABLE_OBJC_ARC = YES;
				CLANG_WARN_BOOL_CONVERSION = YES;
				CLANG_WARN_CONSTANT_CONVERSION = YES;
				CLANG_WARN_DIRECT_OBJC_ISA_USAGE = YES_ERROR;
				CLANG_WARN_EMPTY_BODY = YES;
				CLANG_WARN_ENUM_CONVERSION = YES;
				CLANG_WARN_INT_CONVERSION = YES;
				CLANG_WARN_OBJC_ROOT_CLASS = YES_ERROR;
				CLANG_WARN_UNREACHABLE_CODE = YES;
				CLANG_WARN__DUPLICATE_METHOD_MATCH = YES;
				"CODE_SIGN_IDENTITY[sdk=iphoneos*]" = "iPhone Developer";
				COPY_PHASE_STRIP = YES;
				ENABLE_NS_ASSERTIONS = NO;
				ENABLE_STRICT_OBJC_MSGSEND = YES;
				GCC_C_LANGUAGE_STANDARD = gnu99;
				GCC_WARN_64_TO_32_BIT_CONVERSION = YES;
				GCC_WARN_ABOUT_RETURN_TYPE = YES_ERROR;
				GCC_WARN_UNDECLARED_SELECTOR = YES;
				GCC_WARN_UNINITIALIZED_AUTOS = YES_AGGRESSIVE;
				GCC_WARN_UNUSED_FUNCTION = YES;
				GCC_WARN_UNUSED_VARIABLE = YES;
				IPHONEOS_DEPLOYMENT_TARGET = 8.0;
				MTL_ENABLE_DEBUG_INFO = NO;
				SDKROOT = iphoneos;
				VALIDATE_PRODUCT = YES;
			};
			name = Release;
		};
		651D806019E950D9006CCDE7 /* Debug */ = {
			isa = XCBuildConfiguration;
			buildSettings = {
				ASSETCATALOG_COMPILER_APPICON_NAME = AppIcon;
				INFOPLIST_FILE = DatePicker_demo/Info.plist;
				LD_RUNPATH_SEARCH_PATHS = "$(inherited) @executable_path/Frameworks";
				PRODUCT_NAME = "$(TARGET_NAME)";
			};
			name = Debug;
		};
		651D806119E950D9006CCDE7 /* Release */ = {
			isa = XCBuildConfiguration;
			buildSettings = {
				ASSETCATALOG_COMPILER_APPICON_NAME = AppIcon;
				INFOPLIST_FILE = DatePicker_demo/Info.plist;
				LD_RUNPATH_SEARCH_PATHS = "$(inherited) @executable_path/Frameworks";
				PRODUCT_NAME = "$(TARGET_NAME)";
			};
			name = Release;
		};
		651D806319E950D9006CCDE7 /* Debug */ = {
			isa = XCBuildConfiguration;
			buildSettings = {
				BUNDLE_LOADER = "$(TEST_HOST)";
				FRAMEWORK_SEARCH_PATHS = (
					"$(SDKROOT)/Developer/Library/Frameworks",
					"$(inherited)",
				);
				GCC_PREPROCESSOR_DEFINITIONS = (
					"DEBUG=1",
					"$(inherited)",
				);
				INFOPLIST_FILE = DatePicker_demoTests/Info.plist;
				LD_RUNPATH_SEARCH_PATHS = "$(inherited) @executable_path/Frameworks @loader_path/Frameworks";
				PRODUCT_NAME = "$(TARGET_NAME)";
				TEST_HOST = "$(BUILT_PRODUCTS_DIR)/DatePicker_demo.app/DatePicker_demo";
			};
			name = Debug;
		};
		651D806419E950D9006CCDE7 /* Release */ = {
			isa = XCBuildConfiguration;
			buildSettings = {
				BUNDLE_LOADER = "$(TEST_HOST)";
				FRAMEWORK_SEARCH_PATHS = (
					"$(SDKROOT)/Developer/Library/Frameworks",
					"$(inherited)",
				);
				INFOPLIST_FILE = DatePicker_demoTests/Info.plist;
				LD_RUNPATH_SEARCH_PATHS = "$(inherited) @executable_path/Frameworks @loader_path/Frameworks";
				PRODUCT_NAME = "$(TARGET_NAME)";
				TEST_HOST = "$(BUILT_PRODUCTS_DIR)/DatePicker_demo.app/DatePicker_demo";
			};
			name = Release;
		};
/* End XCBuildConfiguration section */

/* Begin XCConfigurationList section */
		651D803719E950D9006CCDE7 /* Build configuration list for PBXProject "DatePicker_demo" */ = {
			isa = XCConfigurationList;
			buildConfigurations = (
				651D805D19E950D9006CCDE7 /* Debug */,
				651D805E19E950D9006CCDE7 /* Release */,
			);
			defaultConfigurationIsVisible = 0;
			defaultConfigurationName = Release;
		};
		651D805F19E950D9006CCDE7 /* Build configuration list for PBXNativeTarget "DatePicker_demo" */ = {
			isa = XCConfigurationList;
			buildConfigurations = (
				651D806019E950D9006CCDE7 /* Debug */,
				651D806119E950D9006CCDE7 /* Release */,
			);
			defaultConfigurationIsVisible = 0;
		};
		651D806219E950D9006CCDE7 /* Build configuration list for PBXNativeTarget "DatePicker_demoTests" */ = {
			isa = XCConfigurationList;
			buildConfigurations = (
				651D806319E950D9006CCDE7 /* Debug */,
				651D806419E950D9006CCDE7 /* Release */,
			);
			defaultConfigurationIsVisible = 0;
		};
/* End XCConfigurationList section */
	};
	rootObject = 651D803419E950D9006CCDE7 /* Project object */;
}
