// !$*UTF8*$!
{
	archiveVersion = 1;
	classes = {
	};
	objectVersion = 46;
	objects = {

/* Begin PBXBuildFile section */
		65EB527019E23678009A81ED /* main.m in Sources */ = {isa = PBXBuildFile; fileRef = 65EB526F19E23678009A81ED /* main.m */; };
		65EB527319E23678009A81ED /* AppDelegate.m in Sources */ = {isa = PBXBuildFile; fileRef = 65EB527219E23678009A81ED /* AppDelegate.m */; };
		65EB527919E23678009A81ED /* Main.storyboard in Resources */ = {isa = PBXBuildFile; fileRef = 65EB527719E23678009A81ED /* Main.storyboard */; };
		65EB527B19E23678009A81ED /* Images.xcassets in Resources */ = {isa = PBXBuildFile; fileRef = 65EB527A19E23678009A81ED /* Images.xcassets */; };
		65EB527E19E23678009A81ED /* LaunchScreen.xib in Resources */ = {isa = PBXBuildFile; fileRef = 65EB527C19E23678009A81ED /* LaunchScreen.xib */; };
		65EB528A19E23678009A81ED /* TableViewCell_advancedTests.m in Sources */ = {isa = PBXBuildFile; fileRef = 65EB528919E23678009A81ED /* TableViewCell_advancedTests.m */; };
		65EB529819E236D0009A81ED /* CZTableViewController.m in Sources */ = {isa = PBXBuildFile; fileRef = 65EB529719E236D0009A81ED /* CZTableViewController.m */; };
/* End PBXBuildFile section */

/* Begin PBXContainerItemProxy section */
		65EB528419E23678009A81ED /* PBXContainerItemProxy */ = {
			isa = PBXContainerItemProxy;
			containerPortal = 65EB526219E23678009A81ED /* Project object */;
			proxyType = 1;
			remoteGlobalIDString = 65EB526919E23678009A81ED;
			remoteInfo = TableViewCell_advanced;
		};
/* End PBXContainerItemProxy section */

/* Begin PBXFileReference section */
		65EB526A19E23678009A81ED /* TableViewCell_advanced.app */ = {isa = PBXFileReference; explicitFileType = wrapper.application; includeInIndex = 0; path = TableViewCell_advanced.app; sourceTree = BUILT_PRODUCTS_DIR; };
		65EB526E19E23678009A81ED /* Info.plist */ = {isa = PBXFileReference; lastKnownFileType = text.plist.xml; path = Info.plist; sourceTree = "<group>"; };
		65EB526F19E23678009A81ED /* main.m */ = {isa = PBXFileReference; lastKnownFileType = sourcecode.c.objc; path = main.m; sourceTree = "<group>"; };
		65EB527119E23678009A81ED /* AppDelegate.h */ = {isa = PBXFileReference; lastKnownFileType = sourcecode.c.h; path = AppDelegate.h; sourceTree = "<group>"; };
		65EB527219E23678009A81ED /* AppDelegate.m */ = {isa = PBXFileReference; lastKnownFileType = sourcecode.c.objc; path = AppDelegate.m; sourceTree = "<group>"; };
		65EB527819E23678009A81ED /* Base */ = {isa = PBXFileReference; lastKnownFileType = file.storyboard; name = Base; path = Base.lproj/Main.storyboard; sourceTree = "<group>"; };
		65EB527A19E23678009A81ED /* Images.xcassets */ = {isa = PBXFileReference; lastKnownFileType = folder.assetcatalog; path = Images.xcassets; sourceTree = "<group>"; };
		65EB527D19E23678009A81ED /* Base */ = {isa = PBXFileReference; lastKnownFileType = file.xib; name = Base; path = Base.lproj/LaunchScreen.xib; sourceTree = "<group>"; };
		65EB528319E23678009A81ED /* TableViewCell_advancedTests.xctest */ = {isa = PBXFileReference; explicitFileType = wrapper.cfbundle; includeInIndex = 0; path = TableViewCell_advancedTests.xctest; sourceTree = BUILT_PRODUCTS_DIR; };
		65EB528819E23678009A81ED /* Info.plist */ = {isa = PBXFileReference; lastKnownFileType = text.plist.xml; path = Info.plist; sourceTree = "<group>"; };
		65EB528919E23678009A81ED /* TableViewCell_advancedTests.m */ = {isa = PBXFileReference; lastKnownFileType = sourcecode.c.objc; path = TableViewCell_advancedTests.m; sourceTree = "<group>"; };
		65EB529619E236D0009A81ED /* CZTableViewController.h */ = {isa = PBXFileReference; fileEncoding = 4; lastKnownFileType = sourcecode.c.h; path = CZTableViewController.h; sourceTree = "<group>"; };
		65EB529719E236D0009A81ED /* CZTableViewController.m */ = {isa = PBXFileReference; fileEncoding = 4; lastKnownFileType = sourcecode.c.objc; path = CZTableViewController.m; sourceTree = "<group>"; };
/* End PBXFileReference section */

/* Begin PBXFrameworksBuildPhase section */
		65EB526719E23678009A81ED /* Frameworks */ = {
			isa = PBXFrameworksBuildPhase;
			buildActionMask = 2147483647;
			files = (
			);
			runOnlyForDeploymentPostprocessing = 0;
		};
		65EB528019E23678009A81ED /* Frameworks */ = {
			isa = PBXFrameworksBuildPhase;
			buildActionMask = 2147483647;
			files = (
			);
			runOnlyForDeploymentPostprocessing = 0;
		};
/* End PBXFrameworksBuildPhase section */

/* Begin PBXGroup section */
		65EB526119E23678009A81ED = {
			isa = PBXGroup;
			children = (
				65EB526C19E23678009A81ED /* TableViewCell_advanced */,
				65EB528619E23678009A81ED /* TableViewCell_advancedTests */,
				65EB526B19E23678009A81ED /* Products */,
			);
			sourceTree = "<group>";
		};
		65EB526B19E23678009A81ED /* Products */ = {
			isa = PBXGroup;
			children = (
				65EB526A19E23678009A81ED /* TableViewCell_advanced.app */,
				65EB528319E23678009A81ED /* TableViewCell_advancedTests.xctest */,
			);
			name = Products;
			sourceTree = "<group>";
		};
		65EB526C19E23678009A81ED /* TableViewCell_advanced */ = {
			isa = PBXGroup;
			children = (
				65EB527119E23678009A81ED /* AppDelegate.h */,
				65EB527219E23678009A81ED /* AppDelegate.m */,
				65EB529619E236D0009A81ED /* CZTableViewController.h */,
				65EB529719E236D0009A81ED /* CZTableViewController.m */,
				65EB527719E23678009A81ED /* Main.storyboard */,
				65EB527A19E23678009A81ED /* Images.xcassets */,
				65EB527C19E23678009A81ED /* LaunchScreen.xib */,
				65EB526D19E23678009A81ED /* Supporting Files */,
			);
			path = TableViewCell_advanced;
			sourceTree = "<group>";
		};
		65EB526D19E23678009A81ED /* Supporting Files */ = {
			isa = PBXGroup;
			children = (
				65EB526E19E23678009A81ED /* Info.plist */,
				65EB526F19E23678009A81ED /* main.m */,
			);
			name = "Supporting Files";
			sourceTree = "<group>";
		};
		65EB528619E23678009A81ED /* TableViewCell_advancedTests */ = {
			isa = PBXGroup;
			children = (
				65EB528919E23678009A81ED /* TableViewCell_advancedTests.m */,
				65EB528719E23678009A81ED /* Supporting Files */,
			);
			path = TableViewCell_advancedTests;
			sourceTree = "<group>";
		};
		65EB528719E23678009A81ED /* Supporting Files */ = {
			isa = PBXGroup;
			children = (
				65EB528819E23678009A81ED /* Info.plist */,
			);
			name = "Supporting Files";
			sourceTree = "<group>";
		};
/* End PBXGroup section */

/* Begin PBXNativeTarget section */
		65EB526919E23678009A81ED /* TableViewCell_advanced */ = {
			isa = PBXNativeTarget;
			buildConfigurationList = 65EB528D19E23678009A81ED /* Build configuration list for PBXNativeTarget "TableViewCell_advanced" */;
			buildPhases = (
				65EB526619E23678009A81ED /* Sources */,
				65EB526719E23678009A81ED /* Frameworks */,
				65EB526819E23678009A81ED /* Resources */,
			);
			buildRules = (
			);
			dependencies = (
			);
			name = TableViewCell_advanced;
			productName = TableViewCell_advanced;
			productReference = 65EB526A19E23678009A81ED /* TableViewCell_advanced.app */;
			productType = "com.apple.product-type.application";
		};
		65EB528219E23678009A81ED /* TableViewCell_advancedTests */ = {
			isa = PBXNativeTarget;
			buildConfigurationList = 65EB529019E23678009A81ED /* Build configuration list for PBXNativeTarget "TableViewCell_advancedTests" */;
			buildPhases = (
				65EB527F19E23678009A81ED /* Sources */,
				65EB528019E23678009A81ED /* Frameworks */,
				65EB528119E23678009A81ED /* Resources */,
			);
			buildRules = (
			);
			dependencies = (
				65EB528519E23678009A81ED /* PBXTargetDependency */,
			);
			name = TableViewCell_advancedTests;
			productName = TableViewCell_advancedTests;
			productReference = 65EB528319E23678009A81ED /* TableViewCell_advancedTests.xctest */;
			productType = "com.apple.product-type.bundle.unit-test";
		};
/* End PBXNativeTarget section */

/* Begin PBXProject section */
		65EB526219E23678009A81ED /* Project object */ = {
			isa = PBXProject;
			attributes = {
				LastUpgradeCheck = 0600;
				ORGANIZATIONNAME = NeXtreme.com;
				TargetAttributes = {
					65EB526919E23678009A81ED = {
						CreatedOnToolsVersion = 6.0.1;
					};
					65EB528219E23678009A81ED = {
						CreatedOnToolsVersion = 6.0.1;
						TestTargetID = 65EB526919E23678009A81ED;
					};
				};
			};
			buildConfigurationList = 65EB526519E23678009A81ED /* Build configuration list for PBXProject "TableViewCell_advanced" */;
			compatibilityVersion = "Xcode 3.2";
			developmentRegion = English;
			hasScannedForEncodings = 0;
			knownRegions = (
				en,
				Base,
			);
			mainGroup = 65EB526119E23678009A81ED;
			productRefGroup = 65EB526B19E23678009A81ED /* Products */;
			projectDirPath = "";
			projectRoot = "";
			targets = (
				65EB526919E23678009A81ED /* TableViewCell_advanced */,
				65EB528219E23678009A81ED /* TableViewCell_advancedTests */,
			);
		};
/* End PBXProject section */

/* Begin PBXResourcesBuildPhase section */
		65EB526819E23678009A81ED /* Resources */ = {
			isa = PBXResourcesBuildPhase;
			buildActionMask = 2147483647;
			files = (
				65EB527919E23678009A81ED /* Main.storyboard in Resources */,
				65EB527E19E23678009A81ED /* LaunchScreen.xib in Resources */,
				65EB527B19E23678009A81ED /* Images.xcassets in Resources */,
			);
			runOnlyForDeploymentPostprocessing = 0;
		};
		65EB528119E23678009A81ED /* Resources */ = {
			isa = PBXResourcesBuildPhase;
			buildActionMask = 2147483647;
			files = (
			);
			runOnlyForDeploymentPostprocessing = 0;
		};
/* End PBXResourcesBuildPhase section */

/* Begin PBXSourcesBuildPhase section */
		65EB526619E23678009A81ED /* Sources */ = {
			isa = PBXSourcesBuildPhase;
			buildActionMask = 2147483647;
			files = (
				65EB529819E236D0009A81ED /* CZTableViewController.m in Sources */,
				65EB527319E23678009A81ED /* AppDelegate.m in Sources */,
				65EB527019E23678009A81ED /* main.m in Sources */,
			);
			runOnlyForDeploymentPostprocessing = 0;
		};
		65EB527F19E23678009A81ED /* Sources */ = {
			isa = PBXSourcesBuildPhase;
			buildActionMask = 2147483647;
			files = (
				65EB528A19E23678009A81ED /* TableViewCell_advancedTests.m in Sources */,
			);
			runOnlyForDeploymentPostprocessing = 0;
		};
/* End PBXSourcesBuildPhase section */

/* Begin PBXTargetDependency section */
		65EB528519E23678009A81ED /* PBXTargetDependency */ = {
			isa = PBXTargetDependency;
			target = 65EB526919E23678009A81ED /* TableViewCell_advanced */;
			targetProxy = 65EB528419E23678009A81ED /* PBXContainerItemProxy */;
		};
/* End PBXTargetDependency section */

/* Begin PBXVariantGroup section */
		65EB527719E23678009A81ED /* Main.storyboard */ = {
			isa = PBXVariantGroup;
			children = (
				65EB527819E23678009A81ED /* Base */,
			);
			name = Main.storyboard;
			sourceTree = "<group>";
		};
		65EB527C19E23678009A81ED /* LaunchScreen.xib */ = {
			isa = PBXVariantGroup;
			children = (
				65EB527D19E23678009A81ED /* Base */,
			);
			name = LaunchScreen.xib;
			sourceTree = "<group>";
		};
/* End PBXVariantGroup section */

/* Begin XCBuildConfiguration section */
		65EB528B19E23678009A81ED /* Debug */ = {
			isa = XCBuildConfiguration;
			buildSettings = {
				ALWAYS_SEARCH_USER_PATHS = NO;
				CLANG_CXX_LANGUAGE_STANDARD = "gnu++0x";
				CLANG_CXX_LIBRARY = "libc++";
				CLANG_ENABLE_MODULES = YES;
				CLANG_ENABLE_OBJC_ARC = YES;
				CLANG_WARN_BOOL_CONVERSION = YES;
				CLANG_WARN_CONSTANT_CONVERSION = YES;
				CLANG_WARN_DIRECT_OBJC_ISA_USAGE = YES_ERROR;
				CLANG_WARN_EMPTY_BODY = YES;
				CLANG_WARN_ENUM_CONVERSION = YES;
				CLANG_WARN_INT_CONVERSION = YES;
				CLANG_WARN_OBJC_ROOT_CLASS = YES_ERROR;
				CLANG_WARN_UNREACHABLE_CODE = YES;
				CLANG_WARN__DUPLICATE_METHOD_MATCH = YES;
				"CODE_SIGN_IDENTITY[sdk=iphoneos*]" = "iPhone Developer";
				COPY_PHASE_STRIP = NO;
				ENABLE_STRICT_OBJC_MSGSEND = YES;
				GCC_C_LANGUAGE_STANDARD = gnu99;
				GCC_DYNAMIC_NO_PIC = NO;
				GCC_OPTIMIZATION_LEVEL = 0;
				GCC_PREPROCESSOR_DEFINITIONS = (
					"DEBUG=1",
					"$(inherited)",
				);
				GCC_SYMBOLS_PRIVATE_EXTERN = NO;
				GCC_WARN_64_TO_32_BIT_CONVERSION = YES;
				GCC_WARN_ABOUT_RETURN_TYPE = YES_ERROR;
				GCC_WARN_UNDECLARED_SELECTOR = YES;
				GCC_WARN_UNINITIALIZED_AUTOS = YES_AGGRESSIVE;
				GCC_WARN_UNUSED_FUNCTION = YES;
				GCC_WARN_UNUSED_VARIABLE = YES;
				IPHONEOS_DEPLOYMENT_TARGET = 8.0;
				MTL_ENABLE_DEBUG_INFO = YES;
				ONLY_ACTIVE_ARCH = YES;
				SDKROOT = iphoneos;
				TARGETED_DEVICE_FAMILY = "1,2";
			};
			name = Debug;
		};
		65EB528C19E23678009A81ED /* Release */ = {
			isa = XCBuildConfiguration;
			buildSettings = {
				ALWAYS_SEARCH_USER_PATHS = NO;
				CLANG_CXX_LANGUAGE_STANDARD = "gnu++0x";
				CLANG_CXX_LIBRARY = "libc++";
				CLANG_ENABLE_MODULES = YES;
				CLANG_ENABLE_OBJC_ARC = YES;
				CLANG_WARN_BOOL_CONVERSION = YES;
				CLANG_WARN_CONSTANT_CONVERSION = YES;
				CLANG_WARN_DIRECT_OBJC_ISA_USAGE = YES_ERROR;
				CLANG_WARN_EMPTY_BODY = YES;
				CLANG_WARN_ENUM_CONVERSION = YES;
				CLANG_WARN_INT_CONVERSION = YES;
				CLANG_WARN_OBJC_ROOT_CLASS = YES_ERROR;
				CLANG_WARN_UNREACHABLE_CODE = YES;
				CLANG_WARN__DUPLICATE_METHOD_MATCH = YES;
				"CODE_SIGN_IDENTITY[sdk=iphoneos*]" = "iPhone Developer";
				COPY_PHASE_STRIP = YES;
				ENABLE_NS_ASSERTIONS = NO;
				ENABLE_STRICT_OBJC_MSGSEND = YES;
				GCC_C_LANGUAGE_STANDARD = gnu99;
				GCC_WARN_64_TO_32_BIT_CONVERSION = YES;
				GCC_WARN_ABOUT_RETURN_TYPE = YES_ERROR;
				GCC_WARN_UNDECLARED_SELECTOR = YES;
				GCC_WARN_UNINITIALIZED_AUTOS = YES_AGGRESSIVE;
				GCC_WARN_UNUSED_FUNCTION = YES;
				GCC_WARN_UNUSED_VARIABLE = YES;
				IPHONEOS_DEPLOYMENT_TARGET = 8.0;
				MTL_ENABLE_DEBUG_INFO = NO;
				SDKROOT = iphoneos;
				TARGETED_DEVICE_FAMILY = "1,2";
				VALIDATE_PRODUCT = YES;
			};
			name = Release;
		};
		65EB528E19E23678009A81ED /* Debug */ = {
			isa = XCBuildConfiguration;
			buildSettings = {
				ASSETCATALOG_COMPILER_APPICON_NAME = AppIcon;
				INFOPLIST_FILE = TableViewCell_advanced/Info.plist;
				LD_RUNPATH_SEARCH_PATHS = "$(inherited) @executable_path/Frameworks";
				PRODUCT_NAME = "$(TARGET_NAME)";
			};
			name = Debug;
		};
		65EB528F19E23678009A81ED /* Release */ = {
			isa = XCBuildConfiguration;
			buildSettings = {
				ASSETCATALOG_COMPILER_APPICON_NAME = AppIcon;
				INFOPLIST_FILE = TableViewCell_advanced/Info.plist;
				LD_RUNPATH_SEARCH_PATHS = "$(inherited) @executable_path/Frameworks";
				PRODUCT_NAME = "$(TARGET_NAME)";
			};
			name = Release;
		};
		65EB529119E23678009A81ED /* Debug */ = {
			isa = XCBuildConfiguration;
			buildSettings = {
				BUNDLE_LOADER = "$(TEST_HOST)";
				FRAMEWORK_SEARCH_PATHS = (
					"$(SDKROOT)/Developer/Library/Frameworks",
					"$(inherited)",
				);
				GCC_PREPROCESSOR_DEFINITIONS = (
					"DEBUG=1",
					"$(inherited)",
				);
				INFOPLIST_FILE = TableViewCell_advancedTests/Info.plist;
				LD_RUNPATH_SEARCH_PATHS = "$(inherited) @executable_path/Frameworks @loader_path/Frameworks";
				PRODUCT_NAME = "$(TARGET_NAME)";
				TEST_HOST = "$(BUILT_PRODUCTS_DIR)/TableViewCell_advanced.app/TableViewCell_advanced";
			};
			name = Debug;
		};
		65EB529219E23678009A81ED /* Release */ = {
			isa = XCBuildConfiguration;
			buildSettings = {
				BUNDLE_LOADER = "$(TEST_HOST)";
				FRAMEWORK_SEARCH_PATHS = (
					"$(SDKROOT)/Developer/Library/Frameworks",
					"$(inherited)",
				);
				INFOPLIST_FILE = TableViewCell_advancedTests/Info.plist;
				LD_RUNPATH_SEARCH_PATHS = "$(inherited) @executable_path/Frameworks @loader_path/Frameworks";
				PRODUCT_NAME = "$(TARGET_NAME)";
				TEST_HOST = "$(BUILT_PRODUCTS_DIR)/TableViewCell_advanced.app/TableViewCell_advanced";
			};
			name = Release;
		};
/* End XCBuildConfiguration section */

/* Begin XCConfigurationList section */
		65EB526519E23678009A81ED /* Build configuration list for PBXProject "TableViewCell_advanced" */ = {
			isa = XCConfigurationList;
			buildConfigurations = (
				65EB528B19E23678009A81ED /* Debug */,
				65EB528C19E23678009A81ED /* Release */,
			);
			defaultConfigurationIsVisible = 0;
			defaultConfigurationName = Release;
		};
		65EB528D19E23678009A81ED /* Build configuration list for PBXNativeTarget "TableViewCell_advanced" */ = {
			isa = XCConfigurationList;
			buildConfigurations = (
				65EB528E19E23678009A81ED /* Debug */,
				65EB528F19E23678009A81ED /* Release */,
			);
			defaultConfigurationIsVisible = 0;
		};
		65EB529019E23678009A81ED /* Build configuration list for PBXNativeTarget "TableViewCell_advancedTests" */ = {
			isa = XCConfigurationList;
			buildConfigurations = (
				65EB529119E23678009A81ED /* Debug */,
				65EB529219E23678009A81ED /* Release */,
			);
			defaultConfigurationIsVisible = 0;
		};
/* End XCConfigurationList section */
	};
	rootObject = 65EB526219E23678009A81ED /* Project object */;
}
