// !$*UTF8*$!
{
	archiveVersion = 1;
	classes = {
	};
	objectVersion = 46;
	objects = {

/* Begin PBXBuildFile section */
		655F02D41888C5DA003F8E45 /* Foundation.framework in Frameworks */ = {isa = PBXBuildFile; fileRef = 655F02D31888C5DA003F8E45 /* Foundation.framework */; };
		655F02D61888C5DA003F8E45 /* CoreGraphics.framework in Frameworks */ = {isa = PBXBuildFile; fileRef = 655F02D51888C5DA003F8E45 /* CoreGraphics.framework */; };
		655F02D81888C5DA003F8E45 /* UIKit.framework in Frameworks */ = {isa = PBXBuildFile; fileRef = 655F02D71888C5DA003F8E45 /* UIKit.framework */; };
		655F02DE1888C5DA003F8E45 /* InfoPlist.strings in Resources */ = {isa = PBXBuildFile; fileRef = 655F02DC1888C5DA003F8E45 /* InfoPlist.strings */; };
		655F02E01888C5DA003F8E45 /* main.m in Sources */ = {isa = PBXBuildFile; fileRef = 655F02DF1888C5DA003F8E45 /* main.m */; };
		655F02E41888C5DA003F8E45 /* AppDelegate.m in Sources */ = {isa = PBXBuildFile; fileRef = 655F02E31888C5DA003F8E45 /* AppDelegate.m */; };
		655F02E71888C5DA003F8E45 /* Main_iPhone.storyboard in Resources */ = {isa = PBXBuildFile; fileRef = 655F02E51888C5DA003F8E45 /* Main_iPhone.storyboard */; };
		655F02EA1888C5DA003F8E45 /* Main_iPad.storyboard in Resources */ = {isa = PBXBuildFile; fileRef = 655F02E81888C5DA003F8E45 /* Main_iPad.storyboard */; };
		655F02ED1888C5DA003F8E45 /* ViewController.m in Sources */ = {isa = PBXBuildFile; fileRef = 655F02EC1888C5DA003F8E45 /* ViewController.m */; };
		655F02EF1888C5DA003F8E45 /* Images.xcassets in Resources */ = {isa = PBXBuildFile; fileRef = 655F02EE1888C5DA003F8E45 /* Images.xcassets */; };
		655F02F61888C5DA003F8E45 /* XCTest.framework in Frameworks */ = {isa = PBXBuildFile; fileRef = 655F02F51888C5DA003F8E45 /* XCTest.framework */; };
		655F02F71888C5DA003F8E45 /* Foundation.framework in Frameworks */ = {isa = PBXBuildFile; fileRef = 655F02D31888C5DA003F8E45 /* Foundation.framework */; };
		655F02F81888C5DA003F8E45 /* UIKit.framework in Frameworks */ = {isa = PBXBuildFile; fileRef = 655F02D71888C5DA003F8E45 /* UIKit.framework */; };
		655F03001888C5DA003F8E45 /* InfoPlist.strings in Resources */ = {isa = PBXBuildFile; fileRef = 655F02FE1888C5DA003F8E45 /* InfoPlist.strings */; };
		655F03021888C5DA003F8E45 /* SnapshotOnViewTests.m in Sources */ = {isa = PBXBuildFile; fileRef = 655F03011888C5DA003F8E45 /* SnapshotOnViewTests.m */; };
/* End PBXBuildFile section */

/* Begin PBXContainerItemProxy section */
		655F02F91888C5DA003F8E45 /* PBXContainerItemProxy */ = {
			isa = PBXContainerItemProxy;
			containerPortal = 655F02C81888C5DA003F8E45 /* Project object */;
			proxyType = 1;
			remoteGlobalIDString = 655F02CF1888C5DA003F8E45;
			remoteInfo = SnapshotOnView;
		};
/* End PBXContainerItemProxy section */

/* Begin PBXFileReference section */
		655F02D01888C5DA003F8E45 /* SnapshotOnView.app */ = {isa = PBXFileReference; explicitFileType = wrapper.application; includeInIndex = 0; path = SnapshotOnView.app; sourceTree = BUILT_PRODUCTS_DIR; };
		655F02D31888C5DA003F8E45 /* Foundation.framework */ = {isa = PBXFileReference; lastKnownFileType = wrapper.framework; name = Foundation.framework; path = System/Library/Frameworks/Foundation.framework; sourceTree = SDKROOT; };
		655F02D51888C5DA003F8E45 /* CoreGraphics.framework */ = {isa = PBXFileReference; lastKnownFileType = wrapper.framework; name = CoreGraphics.framework; path = System/Library/Frameworks/CoreGraphics.framework; sourceTree = SDKROOT; };
		655F02D71888C5DA003F8E45 /* UIKit.framework */ = {isa = PBXFileReference; lastKnownFileType = wrapper.framework; name = UIKit.framework; path = System/Library/Frameworks/UIKit.framework; sourceTree = SDKROOT; };
		655F02DB1888C5DA003F8E45 /* SnapshotOnView-Info.plist */ = {isa = PBXFileReference; lastKnownFileType = text.plist.xml; path = "SnapshotOnView-Info.plist"; sourceTree = "<group>"; };
		655F02DD1888C5DA003F8E45 /* en */ = {isa = PBXFileReference; lastKnownFileType = text.plist.strings; name = en; path = en.lproj/InfoPlist.strings; sourceTree = "<group>"; };
		655F02DF1888C5DA003F8E45 /* main.m */ = {isa = PBXFileReference; lastKnownFileType = sourcecode.c.objc; path = main.m; sourceTree = "<group>"; };
		655F02E11888C5DA003F8E45 /* SnapshotOnView-Prefix.pch */ = {isa = PBXFileReference; lastKnownFileType = sourcecode.c.h; path = "SnapshotOnView-Prefix.pch"; sourceTree = "<group>"; };
		655F02E21888C5DA003F8E45 /* AppDelegate.h */ = {isa = PBXFileReference; lastKnownFileType = sourcecode.c.h; path = AppDelegate.h; sourceTree = "<group>"; };
		655F02E31888C5DA003F8E45 /* AppDelegate.m */ = {isa = PBXFileReference; lastKnownFileType = sourcecode.c.objc; path = AppDelegate.m; sourceTree = "<group>"; };
		655F02E61888C5DA003F8E45 /* Base */ = {isa = PBXFileReference; lastKnownFileType = file.storyboard; name = Base; path = Base.lproj/Main_iPhone.storyboard; sourceTree = "<group>"; };
		655F02E91888C5DA003F8E45 /* Base */ = {isa = PBXFileReference; lastKnownFileType = file.storyboard; name = Base; path = Base.lproj/Main_iPad.storyboard; sourceTree = "<group>"; };
		655F02EB1888C5DA003F8E45 /* ViewController.h */ = {isa = PBXFileReference; lastKnownFileType = sourcecode.c.h; path = ViewController.h; sourceTree = "<group>"; };
		655F02EC1888C5DA003F8E45 /* ViewController.m */ = {isa = PBXFileReference; lastKnownFileType = sourcecode.c.objc; path = ViewController.m; sourceTree = "<group>"; };
		655F02EE1888C5DA003F8E45 /* Images.xcassets */ = {isa = PBXFileReference; lastKnownFileType = folder.assetcatalog; path = Images.xcassets; sourceTree = "<group>"; };
		655F02F41888C5DA003F8E45 /* SnapshotOnViewTests.xctest */ = {isa = PBXFileReference; explicitFileType = wrapper.cfbundle; includeInIndex = 0; path = SnapshotOnViewTests.xctest; sourceTree = BUILT_PRODUCTS_DIR; };
		655F02F51888C5DA003F8E45 /* XCTest.framework */ = {isa = PBXFileReference; lastKnownFileType = wrapper.framework; name = XCTest.framework; path = Library/Frameworks/XCTest.framework; sourceTree = DEVELOPER_DIR; };
		655F02FD1888C5DA003F8E45 /* SnapshotOnViewTests-Info.plist */ = {isa = PBXFileReference; lastKnownFileType = text.plist.xml; path = "SnapshotOnViewTests-Info.plist"; sourceTree = "<group>"; };
		655F02FF1888C5DA003F8E45 /* en */ = {isa = PBXFileReference; lastKnownFileType = text.plist.strings; name = en; path = en.lproj/InfoPlist.strings; sourceTree = "<group>"; };
		655F03011888C5DA003F8E45 /* SnapshotOnViewTests.m */ = {isa = PBXFileReference; lastKnownFileType = sourcecode.c.objc; path = SnapshotOnViewTests.m; sourceTree = "<group>"; };
/* End PBXFileReference section */

/* Begin PBXFrameworksBuildPhase section */
		655F02CD1888C5DA003F8E45 /* Frameworks */ = {
			isa = PBXFrameworksBuildPhase;
			buildActionMask = 2147483647;
			files = (
				655F02D61888C5DA003F8E45 /* CoreGraphics.framework in Frameworks */,
				655F02D81888C5DA003F8E45 /* UIKit.framework in Frameworks */,
				655F02D41888C5DA003F8E45 /* Foundation.framework in Frameworks */,
			);
			runOnlyForDeploymentPostprocessing = 0;
		};
		655F02F11888C5DA003F8E45 /* Frameworks */ = {
			isa = PBXFrameworksBuildPhase;
			buildActionMask = 2147483647;
			files = (
				655F02F61888C5DA003F8E45 /* XCTest.framework in Frameworks */,
				655F02F81888C5DA003F8E45 /* UIKit.framework in Frameworks */,
				655F02F71888C5DA003F8E45 /* Foundation.framework in Frameworks */,
			);
			runOnlyForDeploymentPostprocessing = 0;
		};
/* End PBXFrameworksBuildPhase section */

/* Begin PBXGroup section */
		655F02C71888C5DA003F8E45 = {
			isa = PBXGroup;
			children = (
				655F02D91888C5DA003F8E45 /* SnapshotOnView */,
				655F02FB1888C5DA003F8E45 /* SnapshotOnViewTests */,
				655F02D21888C5DA003F8E45 /* Frameworks */,
				655F02D11888C5DA003F8E45 /* Products */,
			);
			sourceTree = "<group>";
		};
		655F02D11888C5DA003F8E45 /* Products */ = {
			isa = PBXGroup;
			children = (
				655F02D01888C5DA003F8E45 /* SnapshotOnView.app */,
				655F02F41888C5DA003F8E45 /* SnapshotOnViewTests.xctest */,
			);
			name = Products;
			sourceTree = "<group>";
		};
		655F02D21888C5DA003F8E45 /* Frameworks */ = {
			isa = PBXGroup;
			children = (
				655F02D31888C5DA003F8E45 /* Foundation.framework */,
				655F02D51888C5DA003F8E45 /* CoreGraphics.framework */,
				655F02D71888C5DA003F8E45 /* UIKit.framework */,
				655F02F51888C5DA003F8E45 /* XCTest.framework */,
			);
			name = Frameworks;
			sourceTree = "<group>";
		};
		655F02D91888C5DA003F8E45 /* SnapshotOnView */ = {
			isa = PBXGroup;
			children = (
				655F02E21888C5DA003F8E45 /* AppDelegate.h */,
				655F02E31888C5DA003F8E45 /* AppDelegate.m */,
				655F02E51888C5DA003F8E45 /* Main_iPhone.storyboard */,
				655F02E81888C5DA003F8E45 /* Main_iPad.storyboard */,
				655F02EB1888C5DA003F8E45 /* ViewController.h */,
				655F02EC1888C5DA003F8E45 /* ViewController.m */,
				655F02EE1888C5DA003F8E45 /* Images.xcassets */,
				655F02DA1888C5DA003F8E45 /* Supporting Files */,
			);
			path = SnapshotOnView;
			sourceTree = "<group>";
		};
		655F02DA1888C5DA003F8E45 /* Supporting Files */ = {
			isa = PBXGroup;
			children = (
				655F02DB1888C5DA003F8E45 /* SnapshotOnView-Info.plist */,
				655F02DC1888C5DA003F8E45 /* InfoPlist.strings */,
				655F02DF1888C5DA003F8E45 /* main.m */,
				655F02E11888C5DA003F8E45 /* SnapshotOnView-Prefix.pch */,
			);
			name = "Supporting Files";
			sourceTree = "<group>";
		};
		655F02FB1888C5DA003F8E45 /* SnapshotOnViewTests */ = {
			isa = PBXGroup;
			children = (
				655F03011888C5DA003F8E45 /* SnapshotOnViewTests.m */,
				655F02FC1888C5DA003F8E45 /* Supporting Files */,
			);
			path = SnapshotOnViewTests;
			sourceTree = "<group>";
		};
		655F02FC1888C5DA003F8E45 /* Supporting Files */ = {
			isa = PBXGroup;
			children = (
				655F02FD1888C5DA003F8E45 /* SnapshotOnViewTests-Info.plist */,
				655F02FE1888C5DA003F8E45 /* InfoPlist.strings */,
			);
			name = "Supporting Files";
			sourceTree = "<group>";
		};
/* End PBXGroup section */

/* Begin PBXNativeTarget section */
		655F02CF1888C5DA003F8E45 /* SnapshotOnView */ = {
			isa = PBXNativeTarget;
			buildConfigurationList = 655F03051888C5DA003F8E45 /* Build configuration list for PBXNativeTarget "SnapshotOnView" */;
			buildPhases = (
				655F02CC1888C5DA003F8E45 /* Sources */,
				655F02CD1888C5DA003F8E45 /* Frameworks */,
				655F02CE1888C5DA003F8E45 /* Resources */,
			);
			buildRules = (
			);
			dependencies = (
			);
			name = SnapshotOnView;
			productName = SnapshotOnView;
			productReference = 655F02D01888C5DA003F8E45 /* SnapshotOnView.app */;
			productType = "com.apple.product-type.application";
		};
		655F02F31888C5DA003F8E45 /* SnapshotOnViewTests */ = {
			isa = PBXNativeTarget;
			buildConfigurationList = 655F03081888C5DA003F8E45 /* Build configuration list for PBXNativeTarget "SnapshotOnViewTests" */;
			buildPhases = (
				655F02F01888C5DA003F8E45 /* Sources */,
				655F02F11888C5DA003F8E45 /* Frameworks */,
				655F02F21888C5DA003F8E45 /* Resources */,
			);
			buildRules = (
			);
			dependencies = (
				655F02FA1888C5DA003F8E45 /* PBXTargetDependency */,
			);
			name = SnapshotOnViewTests;
			productName = SnapshotOnViewTests;
			productReference = 655F02F41888C5DA003F8E45 /* SnapshotOnViewTests.xctest */;
			productType = "com.apple.product-type.bundle.unit-test";
		};
/* End PBXNativeTarget section */

/* Begin PBXProject section */
		655F02C81888C5DA003F8E45 /* Project object */ = {
			isa = PBXProject;
			attributes = {
				LastUpgradeCheck = 0500;
				ORGANIZATIONNAME = NeXtreme.com;
				TargetAttributes = {
					655F02F31888C5DA003F8E45 = {
						TestTargetID = 655F02CF1888C5DA003F8E45;
					};
				};
			};
			buildConfigurationList = 655F02CB1888C5DA003F8E45 /* Build configuration list for PBXProject "SnapshotOnView" */;
			compatibilityVersion = "Xcode 3.2";
			developmentRegion = English;
			hasScannedForEncodings = 0;
			knownRegions = (
				en,
				Base,
			);
			mainGroup = 655F02C71888C5DA003F8E45;
			productRefGroup = 655F02D11888C5DA003F8E45 /* Products */;
			projectDirPath = "";
			projectRoot = "";
			targets = (
				655F02CF1888C5DA003F8E45 /* SnapshotOnView */,
				655F02F31888C5DA003F8E45 /* SnapshotOnViewTests */,
			);
		};
/* End PBXProject section */

/* Begin PBXResourcesBuildPhase section */
		655F02CE1888C5DA003F8E45 /* Resources */ = {
			isa = PBXResourcesBuildPhase;
			buildActionMask = 2147483647;
			files = (
				655F02EA1888C5DA003F8E45 /* Main_iPad.storyboard in Resources */,
				655F02EF1888C5DA003F8E45 /* Images.xcassets in Resources */,
				655F02E71888C5DA003F8E45 /* Main_iPhone.storyboard in Resources */,
				655F02DE1888C5DA003F8E45 /* InfoPlist.strings in Resources */,
			);
			runOnlyForDeploymentPostprocessing = 0;
		};
		655F02F21888C5DA003F8E45 /* Resources */ = {
			isa = PBXResourcesBuildPhase;
			buildActionMask = 2147483647;
			files = (
				655F03001888C5DA003F8E45 /* InfoPlist.strings in Resources */,
			);
			runOnlyForDeploymentPostprocessing = 0;
		};
/* End PBXResourcesBuildPhase section */

/* Begin PBXSourcesBuildPhase section */
		655F02CC1888C5DA003F8E45 /* Sources */ = {
			isa = PBXSourcesBuildPhase;
			buildActionMask = 2147483647;
			files = (
				655F02ED1888C5DA003F8E45 /* ViewController.m in Sources */,
				655F02E41888C5DA003F8E45 /* AppDelegate.m in Sources */,
				655F02E01888C5DA003F8E45 /* main.m in Sources */,
			);
			runOnlyForDeploymentPostprocessing = 0;
		};
		655F02F01888C5DA003F8E45 /* Sources */ = {
			isa = PBXSourcesBuildPhase;
			buildActionMask = 2147483647;
			files = (
				655F03021888C5DA003F8E45 /* SnapshotOnViewTests.m in Sources */,
			);
			runOnlyForDeploymentPostprocessing = 0;
		};
/* End PBXSourcesBuildPhase section */

/* Begin PBXTargetDependency section */
		655F02FA1888C5DA003F8E45 /* PBXTargetDependency */ = {
			isa = PBXTargetDependency;
			target = 655F02CF1888C5DA003F8E45 /* SnapshotOnView */;
			targetProxy = 655F02F91888C5DA003F8E45 /* PBXContainerItemProxy */;
		};
/* End PBXTargetDependency section */

/* Begin PBXVariantGroup section */
		655F02DC1888C5DA003F8E45 /* InfoPlist.strings */ = {
			isa = PBXVariantGroup;
			children = (
				655F02DD1888C5DA003F8E45 /* en */,
			);
			name = InfoPlist.strings;
			sourceTree = "<group>";
		};
		655F02E51888C5DA003F8E45 /* Main_iPhone.storyboard */ = {
			isa = PBXVariantGroup;
			children = (
				655F02E61888C5DA003F8E45 /* Base */,
			);
			name = Main_iPhone.storyboard;
			sourceTree = "<group>";
		};
		655F02E81888C5DA003F8E45 /* Main_iPad.storyboard */ = {
			isa = PBXVariantGroup;
			children = (
				655F02E91888C5DA003F8E45 /* Base */,
			);
			name = Main_iPad.storyboard;
			sourceTree = "<group>";
		};
		655F02FE1888C5DA003F8E45 /* InfoPlist.strings */ = {
			isa = PBXVariantGroup;
			children = (
				655F02FF1888C5DA003F8E45 /* en */,
			);
			name = InfoPlist.strings;
			sourceTree = "<group>";
		};
/* End PBXVariantGroup section */

/* Begin XCBuildConfiguration section */
		655F03031888C5DA003F8E45 /* Debug */ = {
			isa = XCBuildConfiguration;
			buildSettings = {
				ALWAYS_SEARCH_USER_PATHS = NO;
				ARCHS = "$(ARCHS_STANDARD_INCLUDING_64_BIT)";
				CLANG_CXX_LANGUAGE_STANDARD = "gnu++0x";
				CLANG_CXX_LIBRARY = "libc++";
				CLANG_ENABLE_MODULES = YES;
				CLANG_ENABLE_OBJC_ARC = YES;
				CLANG_WARN_BOOL_CONVERSION = YES;
				CLANG_WARN_CONSTANT_CONVERSION = YES;
				CLANG_WARN_DIRECT_OBJC_ISA_USAGE = YES_ERROR;
				CLANG_WARN_EMPTY_BODY = YES;
				CLANG_WARN_ENUM_CONVERSION = YES;
				CLANG_WARN_INT_CONVERSION = YES;
				CLANG_WARN_OBJC_ROOT_CLASS = YES_ERROR;
				CLANG_WARN__DUPLICATE_METHOD_MATCH = YES;
				"CODE_SIGN_IDENTITY[sdk=iphoneos*]" = "iPhone Developer";
				COPY_PHASE_STRIP = NO;
				GCC_C_LANGUAGE_STANDARD = gnu99;
				GCC_DYNAMIC_NO_PIC = NO;
				GCC_OPTIMIZATION_LEVEL = 0;
				GCC_PREPROCESSOR_DEFINITIONS = (
					"DEBUG=1",
					"$(inherited)",
				);
				GCC_SYMBOLS_PRIVATE_EXTERN = NO;
				GCC_WARN_64_TO_32_BIT_CONVERSION = YES;
				GCC_WARN_ABOUT_RETURN_TYPE = YES_ERROR;
				GCC_WARN_UNDECLARED_SELECTOR = YES;
				GCC_WARN_UNINITIALIZED_AUTOS = YES;
				GCC_WARN_UNUSED_FUNCTION = YES;
				GCC_WARN_UNUSED_VARIABLE = YES;
				IPHONEOS_DEPLOYMENT_TARGET = 7.0;
				ONLY_ACTIVE_ARCH = YES;
				SDKROOT = iphoneos;
				TARGETED_DEVICE_FAMILY = "1,2";
			};
			name = Debug;
		};
		655F03041888C5DA003F8E45 /* Release */ = {
			isa = XCBuildConfiguration;
			buildSettings = {
				ALWAYS_SEARCH_USER_PATHS = NO;
				ARCHS = "$(ARCHS_STANDARD_INCLUDING_64_BIT)";
				CLANG_CXX_LANGUAGE_STANDARD = "gnu++0x";
				CLANG_CXX_LIBRARY = "libc++";
				CLANG_ENABLE_MODULES = YES;
				CLANG_ENABLE_OBJC_ARC = YES;
				CLANG_WARN_BOOL_CONVERSION = YES;
				CLANG_WARN_CONSTANT_CONVERSION = YES;
				CLANG_WARN_DIRECT_OBJC_ISA_USAGE = YES_ERROR;
				CLANG_WARN_EMPTY_BODY = YES;
				CLANG_WARN_ENUM_CONVERSION = YES;
				CLANG_WARN_INT_CONVERSION = YES;
				CLANG_WARN_OBJC_ROOT_CLASS = YES_ERROR;
				CLANG_WARN__DUPLICATE_METHOD_MATCH = YES;
				"CODE_SIGN_IDENTITY[sdk=iphoneos*]" = "iPhone Developer";
				COPY_PHASE_STRIP = YES;
				ENABLE_NS_ASSERTIONS = NO;
				GCC_C_LANGUAGE_STANDARD = gnu99;
				GCC_WARN_64_TO_32_BIT_CONVERSION = YES;
				GCC_WARN_ABOUT_RETURN_TYPE = YES_ERROR;
				GCC_WARN_UNDECLARED_SELECTOR = YES;
				GCC_WARN_UNINITIALIZED_AUTOS = YES;
				GCC_WARN_UNUSED_FUNCTION = YES;
				GCC_WARN_UNUSED_VARIABLE = YES;
				IPHONEOS_DEPLOYMENT_TARGET = 7.0;
				SDKROOT = iphoneos;
				TARGETED_DEVICE_FAMILY = "1,2";
				VALIDATE_PRODUCT = YES;
			};
			name = Release;
		};
		655F03061888C5DA003F8E45 /* Debug */ = {
			isa = XCBuildConfiguration;
			buildSettings = {
				ASSETCATALOG_COMPILER_APPICON_NAME = AppIcon;
				ASSETCATALOG_COMPILER_LAUNCHIMAGE_NAME = LaunchImage;
				GCC_PRECOMPILE_PREFIX_HEADER = YES;
				GCC_PREFIX_HEADER = "SnapshotOnView/SnapshotOnView-Prefix.pch";
				INFOPLIST_FILE = "SnapshotOnView/SnapshotOnView-Info.plist";
				PRODUCT_NAME = "$(TARGET_NAME)";
				WRAPPER_EXTENSION = app;
			};
			name = Debug;
		};
		655F03071888C5DA003F8E45 /* Release */ = {
			isa = XCBuildConfiguration;
			buildSettings = {
				ASSETCATALOG_COMPILER_APPICON_NAME = AppIcon;
				ASSETCATALOG_COMPILER_LAUNCHIMAGE_NAME = LaunchImage;
				GCC_PRECOMPILE_PREFIX_HEADER = YES;
				GCC_PREFIX_HEADER = "SnapshotOnView/SnapshotOnView-Prefix.pch";
				INFOPLIST_FILE = "SnapshotOnView/SnapshotOnView-Info.plist";
				PRODUCT_NAME = "$(TARGET_NAME)";
				WRAPPER_EXTENSION = app;
			};
			name = Release;
		};
		655F03091888C5DA003F8E45 /* Debug */ = {
			isa = XCBuildConfiguration;
			buildSettings = {
				ARCHS = "$(ARCHS_STANDARD_INCLUDING_64_BIT)";
				BUNDLE_LOADER = "$(BUILT_PRODUCTS_DIR)/SnapshotOnView.app/SnapshotOnView";
				FRAMEWORK_SEARCH_PATHS = (
					"$(SDKROOT)/Developer/Library/Frameworks",
					"$(inherited)",
					"$(DEVELOPER_FRAMEWORKS_DIR)",
				);
				GCC_PRECOMPILE_PREFIX_HEADER = YES;
				GCC_PREFIX_HEADER = "SnapshotOnView/SnapshotOnView-Prefix.pch";
				GCC_PREPROCESSOR_DEFINITIONS = (
					"DEBUG=1",
					"$(inherited)",
				);
				INFOPLIST_FILE = "SnapshotOnViewTests/SnapshotOnViewTests-Info.plist";
				PRODUCT_NAME = "$(TARGET_NAME)";
				TEST_HOST = "$(BUNDLE_LOADER)";
				WRAPPER_EXTENSION = xctest;
			};
			name = Debug;
		};
		655F030A1888C5DA003F8E45 /* Release */ = {
			isa = XCBuildConfiguration;
			buildSettings = {
				ARCHS = "$(ARCHS_STANDARD_INCLUDING_64_BIT)";
				BUNDLE_LOADER = "$(BUILT_PRODUCTS_DIR)/SnapshotOnView.app/SnapshotOnView";
				FRAMEWORK_SEARCH_PATHS = (
					"$(SDKROOT)/Developer/Library/Frameworks",
					"$(inherited)",
					"$(DEVELOPER_FRAMEWORKS_DIR)",
				);
				GCC_PRECOMPILE_PREFIX_HEADER = YES;
				GCC_PREFIX_HEADER = "SnapshotOnView/SnapshotOnView-Prefix.pch";
				INFOPLIST_FILE = "SnapshotOnViewTests/SnapshotOnViewTests-Info.plist";
				PRODUCT_NAME = "$(TARGET_NAME)";
				TEST_HOST = "$(BUNDLE_LOADER)";
				WRAPPER_EXTENSION = xctest;
			};
			name = Release;
		};
/* End XCBuildConfiguration section */

/* Begin XCConfigurationList section */
		655F02CB1888C5DA003F8E45 /* Build configuration list for PBXProject "SnapshotOnView" */ = {
			isa = XCConfigurationList;
			buildConfigurations = (
				655F03031888C5DA003F8E45 /* Debug */,
				655F03041888C5DA003F8E45 /* Release */,
			);
			defaultConfigurationIsVisible = 0;
			defaultConfigurationName = Release;
		};
		655F03051888C5DA003F8E45 /* Build configuration list for PBXNativeTarget "SnapshotOnView" */ = {
			isa = XCConfigurationList;
			buildConfigurations = (
				655F03061888C5DA003F8E45 /* Debug */,
				655F03071888C5DA003F8E45 /* Release */,
			);
			defaultConfigurationIsVisible = 0;
		};
		655F03081888C5DA003F8E45 /* Build configuration list for PBXNativeTarget "SnapshotOnViewTests" */ = {
			isa = XCConfigurationList;
			buildConfigurations = (
				655F03091888C5DA003F8E45 /* Debug */,
				655F030A1888C5DA003F8E45 /* Release */,
			);
			defaultConfigurationIsVisible = 0;
		};
/* End XCConfigurationList section */
	};
	rootObject = 655F02C81888C5DA003F8E45 /* Project object */;
}
