// !$*UTF8*$!
{
	archiveVersion = 1;
	classes = {
	};
	objectVersion = 46;
	objects = {

/* Begin PBXBuildFile section */
		6598C67F19B9E1C300577045 /* Foundation.framework in Frameworks */ = {isa = PBXBuildFile; fileRef = 6598C67E19B9E1C300577045 /* Foundation.framework */; };
		6598C68119B9E1C300577045 /* CoreGraphics.framework in Frameworks */ = {isa = PBXBuildFile; fileRef = 6598C68019B9E1C300577045 /* CoreGraphics.framework */; };
		6598C68319B9E1C300577045 /* UIKit.framework in Frameworks */ = {isa = PBXBuildFile; fileRef = 6598C68219B9E1C300577045 /* UIKit.framework */; };
		6598C68919B9E1C300577045 /* InfoPlist.strings in Resources */ = {isa = PBXBuildFile; fileRef = 6598C68719B9E1C300577045 /* InfoPlist.strings */; };
		6598C68B19B9E1C300577045 /* main.m in Sources */ = {isa = PBXBuildFile; fileRef = 6598C68A19B9E1C300577045 /* main.m */; };
		6598C68F19B9E1C300577045 /* NXAppDelegate.m in Sources */ = {isa = PBXBuildFile; fileRef = 6598C68E19B9E1C300577045 /* NXAppDelegate.m */; };
		6598C69219B9E1C300577045 /* Main_iPhone.storyboard in Resources */ = {isa = PBXBuildFile; fileRef = 6598C69019B9E1C300577045 /* Main_iPhone.storyboard */; };
		6598C69519B9E1C300577045 /* Main_iPad.storyboard in Resources */ = {isa = PBXBuildFile; fileRef = 6598C69319B9E1C300577045 /* Main_iPad.storyboard */; };
		6598C69819B9E1C300577045 /* NXViewController.m in Sources */ = {isa = PBXBuildFile; fileRef = 6598C69719B9E1C300577045 /* NXViewController.m */; };
		6598C69A19B9E1C300577045 /* Images.xcassets in Resources */ = {isa = PBXBuildFile; fileRef = 6598C69919B9E1C300577045 /* Images.xcassets */; };
		6598C6A119B9E1C300577045 /* XCTest.framework in Frameworks */ = {isa = PBXBuildFile; fileRef = 6598C6A019B9E1C300577045 /* XCTest.framework */; };
		6598C6A219B9E1C300577045 /* Foundation.framework in Frameworks */ = {isa = PBXBuildFile; fileRef = 6598C67E19B9E1C300577045 /* Foundation.framework */; };
		6598C6A319B9E1C300577045 /* UIKit.framework in Frameworks */ = {isa = PBXBuildFile; fileRef = 6598C68219B9E1C300577045 /* UIKit.framework */; };
		6598C6AB19B9E1C300577045 /* InfoPlist.strings in Resources */ = {isa = PBXBuildFile; fileRef = 6598C6A919B9E1C300577045 /* InfoPlist.strings */; };
		6598C6AD19B9E1C300577045 /* ViewPosition_convTests.m in Sources */ = {isa = PBXBuildFile; fileRef = 6598C6AC19B9E1C300577045 /* ViewPosition_convTests.m */; };
/* End PBXBuildFile section */

/* Begin PBXContainerItemProxy section */
		6598C6A419B9E1C300577045 /* PBXContainerItemProxy */ = {
			isa = PBXContainerItemProxy;
			containerPortal = 6598C67319B9E1C300577045 /* Project object */;
			proxyType = 1;
			remoteGlobalIDString = 6598C67A19B9E1C300577045;
			remoteInfo = ViewPosition_conv;
		};
/* End PBXContainerItemProxy section */

/* Begin PBXFileReference section */
		6598C67B19B9E1C300577045 /* ViewPosition_conv.app */ = {isa = PBXFileReference; explicitFileType = wrapper.application; includeInIndex = 0; path = ViewPosition_conv.app; sourceTree = BUILT_PRODUCTS_DIR; };
		6598C67E19B9E1C300577045 /* Foundation.framework */ = {isa = PBXFileReference; lastKnownFileType = wrapper.framework; name = Foundation.framework; path = System/Library/Frameworks/Foundation.framework; sourceTree = SDKROOT; };
		6598C68019B9E1C300577045 /* CoreGraphics.framework */ = {isa = PBXFileReference; lastKnownFileType = wrapper.framework; name = CoreGraphics.framework; path = System/Library/Frameworks/CoreGraphics.framework; sourceTree = SDKROOT; };
		6598C68219B9E1C300577045 /* UIKit.framework */ = {isa = PBXFileReference; lastKnownFileType = wrapper.framework; name = UIKit.framework; path = System/Library/Frameworks/UIKit.framework; sourceTree = SDKROOT; };
		6598C68619B9E1C300577045 /* ViewPosition_conv-Info.plist */ = {isa = PBXFileReference; lastKnownFileType = text.plist.xml; path = "ViewPosition_conv-Info.plist"; sourceTree = "<group>"; };
		6598C68819B9E1C300577045 /* en */ = {isa = PBXFileReference; lastKnownFileType = text.plist.strings; name = en; path = en.lproj/InfoPlist.strings; sourceTree = "<group>"; };
		6598C68A19B9E1C300577045 /* main.m */ = {isa = PBXFileReference; lastKnownFileType = sourcecode.c.objc; path = main.m; sourceTree = "<group>"; };
		6598C68C19B9E1C300577045 /* ViewPosition_conv-Prefix.pch */ = {isa = PBXFileReference; lastKnownFileType = sourcecode.c.h; path = "ViewPosition_conv-Prefix.pch"; sourceTree = "<group>"; };
		6598C68D19B9E1C300577045 /* NXAppDelegate.h */ = {isa = PBXFileReference; lastKnownFileType = sourcecode.c.h; path = NXAppDelegate.h; sourceTree = "<group>"; };
		6598C68E19B9E1C300577045 /* NXAppDelegate.m */ = {isa = PBXFileReference; lastKnownFileType = sourcecode.c.objc; path = NXAppDelegate.m; sourceTree = "<group>"; };
		6598C69119B9E1C300577045 /* Base */ = {isa = PBXFileReference; lastKnownFileType = file.storyboard; name = Base; path = Base.lproj/Main_iPhone.storyboard; sourceTree = "<group>"; };
		6598C69419B9E1C300577045 /* Base */ = {isa = PBXFileReference; lastKnownFileType = file.storyboard; name = Base; path = Base.lproj/Main_iPad.storyboard; sourceTree = "<group>"; };
		6598C69619B9E1C300577045 /* NXViewController.h */ = {isa = PBXFileReference; lastKnownFileType = sourcecode.c.h; path = NXViewController.h; sourceTree = "<group>"; };
		6598C69719B9E1C300577045 /* NXViewController.m */ = {isa = PBXFileReference; lastKnownFileType = sourcecode.c.objc; path = NXViewController.m; sourceTree = "<group>"; };
		6598C69919B9E1C300577045 /* Images.xcassets */ = {isa = PBXFileReference; lastKnownFileType = folder.assetcatalog; path = Images.xcassets; sourceTree = "<group>"; };
		6598C69F19B9E1C300577045 /* ViewPosition_convTests.xctest */ = {isa = PBXFileReference; explicitFileType = wrapper.cfbundle; includeInIndex = 0; path = ViewPosition_convTests.xctest; sourceTree = BUILT_PRODUCTS_DIR; };
		6598C6A019B9E1C300577045 /* XCTest.framework */ = {isa = PBXFileReference; lastKnownFileType = wrapper.framework; name = XCTest.framework; path = Library/Frameworks/XCTest.framework; sourceTree = DEVELOPER_DIR; };
		6598C6A819B9E1C300577045 /* ViewPosition_convTests-Info.plist */ = {isa = PBXFileReference; lastKnownFileType = text.plist.xml; path = "ViewPosition_convTests-Info.plist"; sourceTree = "<group>"; };
		6598C6AA19B9E1C300577045 /* en */ = {isa = PBXFileReference; lastKnownFileType = text.plist.strings; name = en; path = en.lproj/InfoPlist.strings; sourceTree = "<group>"; };
		6598C6AC19B9E1C300577045 /* ViewPosition_convTests.m */ = {isa = PBXFileReference; lastKnownFileType = sourcecode.c.objc; path = ViewPosition_convTests.m; sourceTree = "<group>"; };
/* End PBXFileReference section */

/* Begin PBXFrameworksBuildPhase section */
		6598C67819B9E1C300577045 /* Frameworks */ = {
			isa = PBXFrameworksBuildPhase;
			buildActionMask = 2147483647;
			files = (
				6598C68119B9E1C300577045 /* CoreGraphics.framework in Frameworks */,
				6598C68319B9E1C300577045 /* UIKit.framework in Frameworks */,
				6598C67F19B9E1C300577045 /* Foundation.framework in Frameworks */,
			);
			runOnlyForDeploymentPostprocessing = 0;
		};
		6598C69C19B9E1C300577045 /* Frameworks */ = {
			isa = PBXFrameworksBuildPhase;
			buildActionMask = 2147483647;
			files = (
				6598C6A119B9E1C300577045 /* XCTest.framework in Frameworks */,
				6598C6A319B9E1C300577045 /* UIKit.framework in Frameworks */,
				6598C6A219B9E1C300577045 /* Foundation.framework in Frameworks */,
			);
			runOnlyForDeploymentPostprocessing = 0;
		};
/* End PBXFrameworksBuildPhase section */

/* Begin PBXGroup section */
		6598C67219B9E1C300577045 = {
			isa = PBXGroup;
			children = (
				6598C68419B9E1C300577045 /* ViewPosition_conv */,
				6598C6A619B9E1C300577045 /* ViewPosition_convTests */,
				6598C67D19B9E1C300577045 /* Frameworks */,
				6598C67C19B9E1C300577045 /* Products */,
			);
			sourceTree = "<group>";
		};
		6598C67C19B9E1C300577045 /* Products */ = {
			isa = PBXGroup;
			children = (
				6598C67B19B9E1C300577045 /* ViewPosition_conv.app */,
				6598C69F19B9E1C300577045 /* ViewPosition_convTests.xctest */,
			);
			name = Products;
			sourceTree = "<group>";
		};
		6598C67D19B9E1C300577045 /* Frameworks */ = {
			isa = PBXGroup;
			children = (
				6598C67E19B9E1C300577045 /* Foundation.framework */,
				6598C68019B9E1C300577045 /* CoreGraphics.framework */,
				6598C68219B9E1C300577045 /* UIKit.framework */,
				6598C6A019B9E1C300577045 /* XCTest.framework */,
			);
			name = Frameworks;
			sourceTree = "<group>";
		};
		6598C68419B9E1C300577045 /* ViewPosition_conv */ = {
			isa = PBXGroup;
			children = (
				6598C68D19B9E1C300577045 /* NXAppDelegate.h */,
				6598C68E19B9E1C300577045 /* NXAppDelegate.m */,
				6598C69019B9E1C300577045 /* Main_iPhone.storyboard */,
				6598C69319B9E1C300577045 /* Main_iPad.storyboard */,
				6598C69619B9E1C300577045 /* NXViewController.h */,
				6598C69719B9E1C300577045 /* NXViewController.m */,
				6598C69919B9E1C300577045 /* Images.xcassets */,
				6598C68519B9E1C300577045 /* Supporting Files */,
			);
			path = ViewPosition_conv;
			sourceTree = "<group>";
		};
		6598C68519B9E1C300577045 /* Supporting Files */ = {
			isa = PBXGroup;
			children = (
				6598C68619B9E1C300577045 /* ViewPosition_conv-Info.plist */,
				6598C68719B9E1C300577045 /* InfoPlist.strings */,
				6598C68A19B9E1C300577045 /* main.m */,
				6598C68C19B9E1C300577045 /* ViewPosition_conv-Prefix.pch */,
			);
			name = "Supporting Files";
			sourceTree = "<group>";
		};
		6598C6A619B9E1C300577045 /* ViewPosition_convTests */ = {
			isa = PBXGroup;
			children = (
				6598C6AC19B9E1C300577045 /* ViewPosition_convTests.m */,
				6598C6A719B9E1C300577045 /* Supporting Files */,
			);
			path = ViewPosition_convTests;
			sourceTree = "<group>";
		};
		6598C6A719B9E1C300577045 /* Supporting Files */ = {
			isa = PBXGroup;
			children = (
				6598C6A819B9E1C300577045 /* ViewPosition_convTests-Info.plist */,
				6598C6A919B9E1C300577045 /* InfoPlist.strings */,
			);
			name = "Supporting Files";
			sourceTree = "<group>";
		};
/* End PBXGroup section */

/* Begin PBXNativeTarget section */
		6598C67A19B9E1C300577045 /* ViewPosition_conv */ = {
			isa = PBXNativeTarget;
			buildConfigurationList = 6598C6B019B9E1C300577045 /* Build configuration list for PBXNativeTarget "ViewPosition_conv" */;
			buildPhases = (
				6598C67719B9E1C300577045 /* Sources */,
				6598C67819B9E1C300577045 /* Frameworks */,
				6598C67919B9E1C300577045 /* Resources */,
			);
			buildRules = (
			);
			dependencies = (
			);
			name = ViewPosition_conv;
			productName = ViewPosition_conv;
			productReference = 6598C67B19B9E1C300577045 /* ViewPosition_conv.app */;
			productType = "com.apple.product-type.application";
		};
		6598C69E19B9E1C300577045 /* ViewPosition_convTests */ = {
			isa = PBXNativeTarget;
			buildConfigurationList = 6598C6B319B9E1C300577045 /* Build configuration list for PBXNativeTarget "ViewPosition_convTests" */;
			buildPhases = (
				6598C69B19B9E1C300577045 /* Sources */,
				6598C69C19B9E1C300577045 /* Frameworks */,
				6598C69D19B9E1C300577045 /* Resources */,
			);
			buildRules = (
			);
			dependencies = (
				6598C6A519B9E1C300577045 /* PBXTargetDependency */,
			);
			name = ViewPosition_convTests;
			productName = ViewPosition_convTests;
			productReference = 6598C69F19B9E1C300577045 /* ViewPosition_convTests.xctest */;
			productType = "com.apple.product-type.bundle.unit-test";
		};
/* End PBXNativeTarget section */

/* Begin PBXProject section */
		6598C67319B9E1C300577045 /* Project object */ = {
			isa = PBXProject;
			attributes = {
				CLASSPREFIX = NX;
				LastUpgradeCheck = 0510;
				ORGANIZATIONNAME = NeXtreme.com;
				TargetAttributes = {
					6598C69E19B9E1C300577045 = {
						TestTargetID = 6598C67A19B9E1C300577045;
					};
				};
			};
			buildConfigurationList = 6598C67619B9E1C300577045 /* Build configuration list for PBXProject "ViewPosition_conv" */;
			compatibilityVersion = "Xcode 3.2";
			developmentRegion = English;
			hasScannedForEncodings = 0;
			knownRegions = (
				en,
				Base,
			);
			mainGroup = 6598C67219B9E1C300577045;
			productRefGroup = 6598C67C19B9E1C300577045 /* Products */;
			projectDirPath = "";
			projectRoot = "";
			targets = (
				6598C67A19B9E1C300577045 /* ViewPosition_conv */,
				6598C69E19B9E1C300577045 /* ViewPosition_convTests */,
			);
		};
/* End PBXProject section */

/* Begin PBXResourcesBuildPhase section */
		6598C67919B9E1C300577045 /* Resources */ = {
			isa = PBXResourcesBuildPhase;
			buildActionMask = 2147483647;
			files = (
				6598C69519B9E1C300577045 /* Main_iPad.storyboard in Resources */,
				6598C69A19B9E1C300577045 /* Images.xcassets in Resources */,
				6598C69219B9E1C300577045 /* Main_iPhone.storyboard in Resources */,
				6598C68919B9E1C300577045 /* InfoPlist.strings in Resources */,
			);
			runOnlyForDeploymentPostprocessing = 0;
		};
		6598C69D19B9E1C300577045 /* Resources */ = {
			isa = PBXResourcesBuildPhase;
			buildActionMask = 2147483647;
			files = (
				6598C6AB19B9E1C300577045 /* InfoPlist.strings in Resources */,
			);
			runOnlyForDeploymentPostprocessing = 0;
		};
/* End PBXResourcesBuildPhase section */

/* Begin PBXSourcesBuildPhase section */
		6598C67719B9E1C300577045 /* Sources */ = {
			isa = PBXSourcesBuildPhase;
			buildActionMask = 2147483647;
			files = (
				6598C68F19B9E1C300577045 /* NXAppDelegate.m in Sources */,
				6598C68B19B9E1C300577045 /* main.m in Sources */,
				6598C69819B9E1C300577045 /* NXViewController.m in Sources */,
			);
			runOnlyForDeploymentPostprocessing = 0;
		};
		6598C69B19B9E1C300577045 /* Sources */ = {
			isa = PBXSourcesBuildPhase;
			buildActionMask = 2147483647;
			files = (
				6598C6AD19B9E1C300577045 /* ViewPosition_convTests.m in Sources */,
			);
			runOnlyForDeploymentPostprocessing = 0;
		};
/* End PBXSourcesBuildPhase section */

/* Begin PBXTargetDependency section */
		6598C6A519B9E1C300577045 /* PBXTargetDependency */ = {
			isa = PBXTargetDependency;
			target = 6598C67A19B9E1C300577045 /* ViewPosition_conv */;
			targetProxy = 6598C6A419B9E1C300577045 /* PBXContainerItemProxy */;
		};
/* End PBXTargetDependency section */

/* Begin PBXVariantGroup section */
		6598C68719B9E1C300577045 /* InfoPlist.strings */ = {
			isa = PBXVariantGroup;
			children = (
				6598C68819B9E1C300577045 /* en */,
			);
			name = InfoPlist.strings;
			sourceTree = "<group>";
		};
		6598C69019B9E1C300577045 /* Main_iPhone.storyboard */ = {
			isa = PBXVariantGroup;
			children = (
				6598C69119B9E1C300577045 /* Base */,
			);
			name = Main_iPhone.storyboard;
			sourceTree = "<group>";
		};
		6598C69319B9E1C300577045 /* Main_iPad.storyboard */ = {
			isa = PBXVariantGroup;
			children = (
				6598C69419B9E1C300577045 /* Base */,
			);
			name = Main_iPad.storyboard;
			sourceTree = "<group>";
		};
		6598C6A919B9E1C300577045 /* InfoPlist.strings */ = {
			isa = PBXVariantGroup;
			children = (
				6598C6AA19B9E1C300577045 /* en */,
			);
			name = InfoPlist.strings;
			sourceTree = "<group>";
		};
/* End PBXVariantGroup section */

/* Begin XCBuildConfiguration section */
		6598C6AE19B9E1C300577045 /* Debug */ = {
			isa = XCBuildConfiguration;
			buildSettings = {
				ALWAYS_SEARCH_USER_PATHS = NO;
				CLANG_CXX_LANGUAGE_STANDARD = "gnu++0x";
				CLANG_CXX_LIBRARY = "libc++";
				CLANG_ENABLE_MODULES = YES;
				CLANG_ENABLE_OBJC_ARC = YES;
				CLANG_WARN_BOOL_CONVERSION = YES;
				CLANG_WARN_CONSTANT_CONVERSION = YES;
				CLANG_WARN_DIRECT_OBJC_ISA_USAGE = YES_ERROR;
				CLANG_WARN_EMPTY_BODY = YES;
				CLANG_WARN_ENUM_CONVERSION = YES;
				CLANG_WARN_INT_CONVERSION = YES;
				CLANG_WARN_OBJC_ROOT_CLASS = YES_ERROR;
				CLANG_WARN__DUPLICATE_METHOD_MATCH = YES;
				"CODE_SIGN_IDENTITY[sdk=iphoneos*]" = "iPhone Developer";
				COPY_PHASE_STRIP = NO;
				GCC_C_LANGUAGE_STANDARD = gnu99;
				GCC_DYNAMIC_NO_PIC = NO;
				GCC_OPTIMIZATION_LEVEL = 0;
				GCC_PREPROCESSOR_DEFINITIONS = (
					"DEBUG=1",
					"$(inherited)",
				);
				GCC_SYMBOLS_PRIVATE_EXTERN = NO;
				GCC_WARN_64_TO_32_BIT_CONVERSION = YES;
				GCC_WARN_ABOUT_RETURN_TYPE = YES_ERROR;
				GCC_WARN_UNDECLARED_SELECTOR = YES;
				GCC_WARN_UNINITIALIZED_AUTOS = YES_AGGRESSIVE;
				GCC_WARN_UNUSED_FUNCTION = YES;
				GCC_WARN_UNUSED_VARIABLE = YES;
				IPHONEOS_DEPLOYMENT_TARGET = 7.1;
				ONLY_ACTIVE_ARCH = YES;
				SDKROOT = iphoneos;
				TARGETED_DEVICE_FAMILY = "1,2";
			};
			name = Debug;
		};
		6598C6AF19B9E1C300577045 /* Release */ = {
			isa = XCBuildConfiguration;
			buildSettings = {
				ALWAYS_SEARCH_USER_PATHS = NO;
				CLANG_CXX_LANGUAGE_STANDARD = "gnu++0x";
				CLANG_CXX_LIBRARY = "libc++";
				CLANG_ENABLE_MODULES = YES;
				CLANG_ENABLE_OBJC_ARC = YES;
				CLANG_WARN_BOOL_CONVERSION = YES;
				CLANG_WARN_CONSTANT_CONVERSION = YES;
				CLANG_WARN_DIRECT_OBJC_ISA_USAGE = YES_ERROR;
				CLANG_WARN_EMPTY_BODY = YES;
				CLANG_WARN_ENUM_CONVERSION = YES;
				CLANG_WARN_INT_CONVERSION = YES;
				CLANG_WARN_OBJC_ROOT_CLASS = YES_ERROR;
				CLANG_WARN__DUPLICATE_METHOD_MATCH = YES;
				"CODE_SIGN_IDENTITY[sdk=iphoneos*]" = "iPhone Developer";
				COPY_PHASE_STRIP = YES;
				ENABLE_NS_ASSERTIONS = NO;
				GCC_C_LANGUAGE_STANDARD = gnu99;
				GCC_WARN_64_TO_32_BIT_CONVERSION = YES;
				GCC_WARN_ABOUT_RETURN_TYPE = YES_ERROR;
				GCC_WARN_UNDECLARED_SELECTOR = YES;
				GCC_WARN_UNINITIALIZED_AUTOS = YES_AGGRESSIVE;
				GCC_WARN_UNUSED_FUNCTION = YES;
				GCC_WARN_UNUSED_VARIABLE = YES;
				IPHONEOS_DEPLOYMENT_TARGET = 7.1;
				SDKROOT = iphoneos;
				TARGETED_DEVICE_FAMILY = "1,2";
				VALIDATE_PRODUCT = YES;
			};
			name = Release;
		};
		6598C6B119B9E1C300577045 /* Debug */ = {
			isa = XCBuildConfiguration;
			buildSettings = {
				ASSETCATALOG_COMPILER_APPICON_NAME = AppIcon;
				ASSETCATALOG_COMPILER_LAUNCHIMAGE_NAME = LaunchImage;
				GCC_PRECOMPILE_PREFIX_HEADER = YES;
				GCC_PREFIX_HEADER = "ViewPosition_conv/ViewPosition_conv-Prefix.pch";
				INFOPLIST_FILE = "ViewPosition_conv/ViewPosition_conv-Info.plist";
				PRODUCT_NAME = "$(TARGET_NAME)";
				WRAPPER_EXTENSION = app;
			};
			name = Debug;
		};
		6598C6B219B9E1C300577045 /* Release */ = {
			isa = XCBuildConfiguration;
			buildSettings = {
				ASSETCATALOG_COMPILER_APPICON_NAME = AppIcon;
				ASSETCATALOG_COMPILER_LAUNCHIMAGE_NAME = LaunchImage;
				GCC_PRECOMPILE_PREFIX_HEADER = YES;
				GCC_PREFIX_HEADER = "ViewPosition_conv/ViewPosition_conv-Prefix.pch";
				INFOPLIST_FILE = "ViewPosition_conv/ViewPosition_conv-Info.plist";
				PRODUCT_NAME = "$(TARGET_NAME)";
				WRAPPER_EXTENSION = app;
			};
			name = Release;
		};
		6598C6B419B9E1C300577045 /* Debug */ = {
			isa = XCBuildConfiguration;
			buildSettings = {
				BUNDLE_LOADER = "$(BUILT_PRODUCTS_DIR)/ViewPosition_conv.app/ViewPosition_conv";
				FRAMEWORK_SEARCH_PATHS = (
					"$(SDKROOT)/Developer/Library/Frameworks",
					"$(inherited)",
					"$(DEVELOPER_FRAMEWORKS_DIR)",
				);
				GCC_PRECOMPILE_PREFIX_HEADER = YES;
				GCC_PREFIX_HEADER = "ViewPosition_conv/ViewPosition_conv-Prefix.pch";
				GCC_PREPROCESSOR_DEFINITIONS = (
					"DEBUG=1",
					"$(inherited)",
				);
				INFOPLIST_FILE = "ViewPosition_convTests/ViewPosition_convTests-Info.plist";
				PRODUCT_NAME = "$(TARGET_NAME)";
				TEST_HOST = "$(BUNDLE_LOADER)";
				WRAPPER_EXTENSION = xctest;
			};
			name = Debug;
		};
		6598C6B519B9E1C300577045 /* Release */ = {
			isa = XCBuildConfiguration;
			buildSettings = {
				BUNDLE_LOADER = "$(BUILT_PRODUCTS_DIR)/ViewPosition_conv.app/ViewPosition_conv";
				FRAMEWORK_SEARCH_PATHS = (
					"$(SDKROOT)/Developer/Library/Frameworks",
					"$(inherited)",
					"$(DEVELOPER_FRAMEWORKS_DIR)",
				);
				GCC_PRECOMPILE_PREFIX_HEADER = YES;
				GCC_PREFIX_HEADER = "ViewPosition_conv/ViewPosition_conv-Prefix.pch";
				INFOPLIST_FILE = "ViewPosition_convTests/ViewPosition_convTests-Info.plist";
				PRODUCT_NAME = "$(TARGET_NAME)";
				TEST_HOST = "$(BUNDLE_LOADER)";
				WRAPPER_EXTENSION = xctest;
			};
			name = Release;
		};
/* End XCBuildConfiguration section */

/* Begin XCConfigurationList section */
		6598C67619B9E1C300577045 /* Build configuration list for PBXProject "ViewPosition_conv" */ = {
			isa = XCConfigurationList;
			buildConfigurations = (
				6598C6AE19B9E1C300577045 /* Debug */,
				6598C6AF19B9E1C300577045 /* Release */,
			);
			defaultConfigurationIsVisible = 0;
			defaultConfigurationName = Release;
		};
		6598C6B019B9E1C300577045 /* Build configuration list for PBXNativeTarget "ViewPosition_conv" */ = {
			isa = XCConfigurationList;
			buildConfigurations = (
				6598C6B119B9E1C300577045 /* Debug */,
				6598C6B219B9E1C300577045 /* Release */,
			);
			defaultConfigurationIsVisible = 0;
		};
		6598C6B319B9E1C300577045 /* Build configuration list for PBXNativeTarget "ViewPosition_convTests" */ = {
			isa = XCConfigurationList;
			buildConfigurations = (
				6598C6B419B9E1C300577045 /* Debug */,
				6598C6B519B9E1C300577045 /* Release */,
			);
			defaultConfigurationIsVisible = 0;
		};
/* End XCConfigurationList section */
	};
	rootObject = 6598C67319B9E1C300577045 /* Project object */;
}
